{
  "version": 4,
  "terraform_version": "1.9.5",
  "serial": 245,
  "lineage": "f64dc301-148b-b613-8811-0c3a339cde3c",
  "outputs": {
    "alb_dns_name": {
      "value": "trading-analytics-dev-alb-735067906.eu-west-2.elb.amazonaws.com",
      "type": "string"
    },
    "elasticsearch_endpoint": {
      "value": "http://trading-analytics-dev-alb-735067906.eu-west-2.elb.amazonaws.com:9200",
      "type": "string"
    },
    "kibana_url": {
      "value": "http://trading-analytics-dev-alb-735067906.eu-west-2.elb.amazonaws.com:5601",
      "type": "string"
    }
  },
  "resources": [
    {
      "module": "module.alb",
      "mode": "managed",
      "type": "aws_lb",
      "name": "elk",
      "provider": "provider[\"registry.terraform.io/hashicorp/aws\"]",
      "instances": [
        {
          "schema_version": 0,
          "attributes": {
            "access_logs": [
              {
                "bucket": "",
                "enabled": false,
                "prefix": ""
              }
            ],
            "arn": "arn:aws:elasticloadbalancing:eu-west-2:463470963000:loadbalancer/app/trading-analytics-dev-alb/cb07c15189c15c3e",
            "arn_suffix": "app/trading-analytics-dev-alb/cb07c15189c15c3e",
            "client_keep_alive": 3600,
            "connection_logs": [
              {
                "bucket": "",
                "enabled": false,
                "prefix": ""
              }
            ],
            "customer_owned_ipv4_pool": "",
            "desync_mitigation_mode": "defensive",
            "dns_name": "trading-analytics-dev-alb-735067906.eu-west-2.elb.amazonaws.com",
            "dns_record_client_routing_policy": null,
            "drop_invalid_header_fields": false,
            "enable_cross_zone_load_balancing": true,
            "enable_deletion_protection": false,
            "enable_http2": true,
            "enable_tls_version_and_cipher_suite_headers": false,
            "enable_waf_fail_open": false,
            "enable_xff_client_port": false,
            "enforce_security_group_inbound_rules_on_private_link_traffic": "",
            "id": "arn:aws:elasticloadbalancing:eu-west-2:463470963000:loadbalancer/app/trading-analytics-dev-alb/cb07c15189c15c3e",
            "idle_timeout": 60,
            "internal": false,
            "ip_address_type": "ipv4",
            "load_balancer_type": "application",
            "name": "trading-analytics-dev-alb",
            "name_prefix": "",
            "preserve_host_header": false,
            "security_groups": [
              "sg-0f7b91db9f692060c"
            ],
            "subnet_mapping": [
              {
                "allocation_id": "",
                "ipv6_address": "",
                "outpost_id": "",
                "private_ipv4_address": "",
                "subnet_id": "subnet-0e95e4ce9b1685736"
              },
              {
                "allocation_id": "",
                "ipv6_address": "",
                "outpost_id": "",
                "private_ipv4_address": "",
                "subnet_id": "subnet-0edca9b21f076091f"
              }
            ],
            "subnets": [
              "subnet-0e95e4ce9b1685736",
              "subnet-0edca9b21f076091f"
            ],
            "tags": {
              "Environment": "dev",
              "Name": "trading-analytics-dev-alb",
              "Project": "trading-analytics"
            },
            "tags_all": {
              "Environment": "dev",
              "Name": "trading-analytics-dev-alb",
              "Project": "trading-analytics"
            },
            "timeouts": null,
            "vpc_id": "vpc-070ab3fe976eda822",
            "xff_header_processing_mode": "append",
            "zone_id": "ZHURV8PSTC4K8"
          },
          "sensitive_attributes": [],
          "private": "eyJlMmJmYjczMC1lY2FhLTExZTYtOGY4OC0zNDM2M2JjN2M0YzAiOnsiY3JlYXRlIjo2MDAwMDAwMDAwMDAsImRlbGV0ZSI6NjAwMDAwMDAwMDAwLCJ1cGRhdGUiOjYwMDAwMDAwMDAwMH19",
          "dependencies": [
            "module.alb.aws_security_group.alb",
            "module.vpc.aws_subnet.public",
            "module.vpc.aws_vpc.main",
            "module.vpc.data.aws_availability_zones.available"
          ]
        }
      ]
    },
    {
      "module": "module.alb",
      "mode": "managed",
      "type": "aws_lb_listener",
      "name": "kibana",
      "provider": "provider[\"registry.terraform.io/hashicorp/aws\"]",
      "instances": [
        {
          "schema_version": 0,
          "attributes": {
            "alpn_policy": null,
            "arn": "arn:aws:elasticloadbalancing:eu-west-2:463470963000:listener/app/trading-analytics-dev-alb/cb07c15189c15c3e/f90d4ae22f1de80b",
            "certificate_arn": null,
            "default_action": [
              {
                "authenticate_cognito": [],
                "authenticate_oidc": [],
                "fixed_response": [],
                "forward": [],
                "order": 1,
                "redirect": [],
                "target_group_arn": "arn:aws:elasticloadbalancing:eu-west-2:463470963000:targetgroup/trading-analytics-dev-kibana/9536e75412eebd34",
                "type": "forward"
              }
            ],
            "id": "arn:aws:elasticloadbalancing:eu-west-2:463470963000:listener/app/trading-analytics-dev-alb/cb07c15189c15c3e/f90d4ae22f1de80b",
            "load_balancer_arn": "arn:aws:elasticloadbalancing:eu-west-2:463470963000:loadbalancer/app/trading-analytics-dev-alb/cb07c15189c15c3e",
            "mutual_authentication": [],
            "port": 80,
            "protocol": "HTTP",
            "ssl_policy": "",
            "tags": {},
            "tags_all": {},
            "timeouts": null
          },
          "sensitive_attributes": [],
          "private": "eyJlMmJmYjczMC1lY2FhLTExZTYtOGY4OC0zNDM2M2JjN2M0YzAiOnsiY3JlYXRlIjozMDAwMDAwMDAwMDAsInVwZGF0ZSI6MzAwMDAwMDAwMDAwfX0=",
          "dependencies": [
            "module.alb.aws_lb.elk",
            "module.alb.aws_lb_target_group.kibana",
            "module.alb.aws_security_group.alb",
            "module.vpc.aws_subnet.public",
            "module.vpc.aws_vpc.main",
            "module.vpc.data.aws_availability_zones.available"
          ]
        }
      ]
    },
    {
      "module": "module.alb",
      "mode": "managed",
      "type": "aws_lb_target_group",
      "name": "kibana",
      "provider": "provider[\"registry.terraform.io/hashicorp/aws\"]",
      "instances": [
        {
          "schema_version": 0,
          "attributes": {
            "arn": "arn:aws:elasticloadbalancing:eu-west-2:463470963000:targetgroup/trading-analytics-dev-kibana/9536e75412eebd34",
            "arn_suffix": "targetgroup/trading-analytics-dev-kibana/9536e75412eebd34",
            "connection_termination": null,
            "deregistration_delay": "300",
            "health_check": [
              {
                "enabled": true,
                "healthy_threshold": 2,
                "interval": 30,
                "matcher": "200",
                "path": "/api/status",
                "port": "traffic-port",
                "protocol": "HTTP",
                "timeout": 5,
                "unhealthy_threshold": 10
              }
            ],
            "id": "arn:aws:elasticloadbalancing:eu-west-2:463470963000:targetgroup/trading-analytics-dev-kibana/9536e75412eebd34",
            "ip_address_type": "ipv4",
            "lambda_multi_value_headers_enabled": false,
            "load_balancer_arns": [
              "arn:aws:elasticloadbalancing:eu-west-2:463470963000:loadbalancer/app/trading-analytics-dev-alb/cb07c15189c15c3e"
            ],
            "load_balancing_algorithm_type": "round_robin",
            "load_balancing_anomaly_mitigation": "off",
            "load_balancing_cross_zone_enabled": "use_load_balancer_configuration",
            "name": "trading-analytics-dev-kibana",
            "name_prefix": "",
            "port": 5601,
            "preserve_client_ip": null,
            "protocol": "HTTP",
            "protocol_version": "HTTP1",
            "proxy_protocol_v2": false,
            "slow_start": 0,
            "stickiness": [
              {
                "cookie_duration": 86400,
                "cookie_name": "",
                "enabled": false,
                "type": "lb_cookie"
              }
            ],
            "tags": {},
            "tags_all": {},
            "target_failover": [
              {
                "on_deregistration": null,
                "on_unhealthy": null
              }
            ],
            "target_group_health": [
              {
                "dns_failover": [
                  {
                    "minimum_healthy_targets_count": "1",
                    "minimum_healthy_targets_percentage": "off"
                  }
                ],
                "unhealthy_state_routing": [
                  {
                    "minimum_healthy_targets_count": 1,
                    "minimum_healthy_targets_percentage": "off"
                  }
                ]
              }
            ],
            "target_health_state": [
              {
                "enable_unhealthy_connection_termination": null,
                "unhealthy_draining_interval": null
              }
            ],
            "target_type": "instance",
            "vpc_id": "vpc-070ab3fe976eda822"
          },
          "sensitive_attributes": [],
          "private": "bnVsbA==",
          "dependencies": [
            "module.vpc.aws_vpc.main"
          ]
        }
      ]
    },
    {
      "module": "module.alb",
      "mode": "managed",
      "type": "aws_security_group",
      "name": "alb",
      "provider": "provider[\"registry.terraform.io/hashicorp/aws\"]",
      "instances": [
        {
          "schema_version": 1,
          "attributes": {
            "arn": "arn:aws:ec2:eu-west-2:463470963000:security-group/sg-0f7b91db9f692060c",
            "description": "Security group for ALB",
            "egress": [
              {
                "cidr_blocks": [
                  "0.0.0.0/0"
                ],
                "description": "",
                "from_port": 0,
                "ipv6_cidr_blocks": [],
                "prefix_list_ids": [],
                "protocol": "-1",
                "security_groups": [],
                "self": false,
                "to_port": 0
              }
            ],
            "id": "sg-0f7b91db9f692060c",
            "ingress": [
              {
                "cidr_blocks": [
                  "0.0.0.0/0"
                ],
                "description": "",
                "from_port": 80,
                "ipv6_cidr_blocks": [],
                "prefix_list_ids": [],
                "protocol": "tcp",
                "security_groups": [],
                "self": false,
                "to_port": 80
              }
            ],
            "name": "trading-analytics-dev-alb-sg",
            "name_prefix": "",
            "owner_id": "463470963000",
            "revoke_rules_on_delete": false,
            "tags": {},
            "tags_all": {},
            "timeouts": null,
            "vpc_id": "vpc-070ab3fe976eda822"
          },
          "sensitive_attributes": [],
          "private": "eyJlMmJmYjczMC1lY2FhLTExZTYtOGY4OC0zNDM2M2JjN2M0YzAiOnsiY3JlYXRlIjo2MDAwMDAwMDAwMDAsImRlbGV0ZSI6OTAwMDAwMDAwMDAwfSwic2NoZW1hX3ZlcnNpb24iOiIxIn0=",
          "dependencies": [
            "module.vpc.aws_vpc.main"
          ]
        }
      ]
    },
    {
      "module": "module.ec2",
      "mode": "data",
      "type": "aws_ami",
      "name": "ubuntu",
      "provider": "provider[\"registry.terraform.io/hashicorp/aws\"]",
      "instances": [
        {
          "schema_version": 0,
          "attributes": {
            "architecture": "x86_64",
            "arn": "arn:aws:ec2:eu-west-2::image/ami-038fd6134a4d06e2e",
            "block_device_mappings": [
              {
                "device_name": "/dev/sda1",
                "ebs": {
                  "delete_on_termination": "true",
                  "encrypted": "false",
                  "iops": "0",
                  "snapshot_id": "snap-0f59f2406705b0f73",
                  "throughput": "0",
                  "volume_size": "8",
                  "volume_type": "gp2"
                },
                "no_device": "",
                "virtual_name": ""
              },
              {
                "device_name": "/dev/sdb",
                "ebs": {},
                "no_device": "",
                "virtual_name": "ephemeral0"
              },
              {
                "device_name": "/dev/sdc",
                "ebs": {},
                "no_device": "",
                "virtual_name": "ephemeral1"
              }
            ],
            "boot_mode": "legacy-bios",
            "creation_date": "2025-02-10T22:43:46.000Z",
            "deprecation_time": "2027-02-10T22:43:46.000Z",
            "description": "Canonical, Ubuntu, 20.04, amd64 focal image",
            "ena_support": true,
            "executable_users": null,
            "filter": [
              {
                "name": "name",
                "values": [
                  "ubuntu/images/hvm-ssd/ubuntu-focal-20.04-amd64-server-*"
                ]
              },
              {
                "name": "virtualization-type",
                "values": [
                  "hvm"
                ]
              }
            ],
            "hypervisor": "xen",
            "id": "ami-038fd6134a4d06e2e",
            "image_id": "ami-038fd6134a4d06e2e",
            "image_location": "amazon/ubuntu/images/hvm-ssd/ubuntu-focal-20.04-amd64-server-20250210",
            "image_owner_alias": "amazon",
            "image_type": "machine",
            "imds_support": "",
            "include_deprecated": false,
            "kernel_id": "",
            "most_recent": true,
            "name": "ubuntu/images/hvm-ssd/ubuntu-focal-20.04-amd64-server-20250210",
            "name_regex": null,
            "owner_id": "099720109477",
            "owners": [
              "099720109477"
            ],
            "platform": "",
            "platform_details": "Linux/UNIX",
            "product_codes": [],
            "public": true,
            "ramdisk_id": "",
            "root_device_name": "/dev/sda1",
            "root_device_type": "ebs",
            "root_snapshot_id": "snap-0f59f2406705b0f73",
            "sriov_net_support": "simple",
            "state": "available",
            "state_reason": {
              "code": "UNSET",
              "message": "UNSET"
            },
            "tags": {},
            "timeouts": null,
            "tpm_support": "",
            "usage_operation": "RunInstances",
            "virtualization_type": "hvm"
          },
          "sensitive_attributes": []
        }
      ]
    },
    {
      "module": "module.ec2",
      "mode": "managed",
      "type": "aws_autoscaling_group",
      "name": "elk",
      "provider": "provider[\"registry.terraform.io/hashicorp/aws\"]",
      "instances": [
        {
          "schema_version": 1,
          "attributes": {
            "arn": "arn:aws:autoscaling:eu-west-2:463470963000:autoScalingGroup:3c5198dc-4938-4b89-a358-ae52a725f602:autoScalingGroupName/trading-analytics-dev-asg",
            "availability_zones": [
              "eu-west-2a",
              "eu-west-2b"
            ],
            "capacity_rebalance": false,
            "context": "",
            "default_cooldown": 300,
            "default_instance_warmup": 0,
            "desired_capacity": 2,
            "desired_capacity_type": "",
            "enabled_metrics": [],
            "force_delete": false,
            "force_delete_warm_pool": false,
            "health_check_grace_period": 300,
            "health_check_type": "ELB",
            "id": "trading-analytics-dev-asg",
            "ignore_failed_scaling_activities": false,
            "initial_lifecycle_hook": [],
            "instance_maintenance_policy": [],
            "instance_refresh": [],
            "launch_configuration": "",
            "launch_template": [
              {
                "id": "lt-0479b52f0f38cfb5a",
                "name": "trading-analytics-dev-lt2025021417105523160000000a",
                "version": "$Latest"
              }
            ],
            "load_balancers": [],
            "max_instance_lifetime": 0,
            "max_size": 4,
            "metrics_granularity": "1Minute",
            "min_elb_capacity": null,
            "min_size": 2,
            "mixed_instances_policy": [],
            "name": "trading-analytics-dev-asg",
            "name_prefix": "",
            "placement_group": "",
            "predicted_capacity": 0,
            "protect_from_scale_in": false,
            "service_linked_role_arn": "arn:aws:iam::463470963000:role/aws-service-role/autoscaling.amazonaws.com/AWSServiceRoleForAutoScaling",
            "suspended_processes": [],
            "tag": [
              {
                "key": "Environment",
                "propagate_at_launch": true,
                "value": "dev"
              },
              {
                "key": "Name",
                "propagate_at_launch": true,
                "value": "trading-analytics-dev-elk"
              },
              {
                "key": "Project",
                "propagate_at_launch": true,
                "value": "trading-analytics"
              }
            ],
            "target_group_arns": [
              "arn:aws:elasticloadbalancing:eu-west-2:463470963000:targetgroup/trading-analytics-dev-kibana/9536e75412eebd34"
            ],
            "termination_policies": [],
            "timeouts": null,
            "traffic_source": [
              {
                "identifier": "arn:aws:elasticloadbalancing:eu-west-2:463470963000:targetgroup/trading-analytics-dev-kibana/9536e75412eebd34",
                "type": "elbv2"
              }
            ],
            "vpc_zone_identifier": [
              "subnet-08311013e9bfb5c14",
              "subnet-0c3c756cab5cccc91"
            ],
            "wait_for_capacity_timeout": "10m",
            "wait_for_elb_capacity": null,
            "warm_pool": [],
            "warm_pool_size": 0
          },
          "sensitive_attributes": [],
          "private": "eyJlMmJmYjczMC1lY2FhLTExZTYtOGY4OC0zNDM2M2JjN2M0YzAiOnsiZGVsZXRlIjo2MDAwMDAwMDAwMDAsInVwZGF0ZSI6NjAwMDAwMDAwMDAwfSwic2NoZW1hX3ZlcnNpb24iOiIxIn0=",
          "dependencies": [
            "module.alb.aws_lb_target_group.kibana",
            "module.ec2.aws_launch_template.elk",
            "module.ec2.aws_security_group.elk",
            "module.ec2.data.aws_ami.ubuntu",
            "module.iam.aws_iam_instance_profile.ec2_profile",
            "module.iam.aws_iam_role.ec2_role",
            "module.s3.aws_sqs_queue.s3_events",
            "module.s3.aws_sqs_queue.s3_events_dlq",
            "module.vpc.aws_subnet.private",
            "module.vpc.aws_vpc.main",
            "module.vpc.data.aws_availability_zones.available"
          ]
        }
      ]
    },
    {
      "module": "module.ec2",
      "mode": "managed",
      "type": "aws_autoscaling_policy",
      "name": "scale_down",
      "provider": "provider[\"registry.terraform.io/hashicorp/aws\"]",
      "instances": [
        {
          "schema_version": 0,
          "attributes": {
            "adjustment_type": "ChangeInCapacity",
            "arn": "arn:aws:autoscaling:eu-west-2:463470963000:scalingPolicy:49308802-16b3-4ee0-8b38-4a3266ddf42d:autoScalingGroupName/trading-analytics-dev-asg:policyName/trading-analytics-dev-scale-down",
            "autoscaling_group_name": "trading-analytics-dev-asg",
            "cooldown": 300,
            "enabled": true,
            "estimated_instance_warmup": 0,
            "id": "trading-analytics-dev-scale-down",
            "metric_aggregation_type": "",
            "min_adjustment_magnitude": 0,
            "name": "trading-analytics-dev-scale-down",
            "policy_type": "SimpleScaling",
            "predictive_scaling_configuration": [],
            "scaling_adjustment": -1,
            "step_adjustment": [],
            "target_tracking_configuration": []
          },
          "sensitive_attributes": [],
          "private": "bnVsbA==",
          "dependencies": [
            "module.alb.aws_lb_target_group.kibana",
            "module.ec2.aws_autoscaling_group.elk",
            "module.ec2.aws_launch_template.elk",
            "module.ec2.aws_security_group.elk",
            "module.ec2.data.aws_ami.ubuntu",
            "module.iam.aws_iam_instance_profile.ec2_profile",
            "module.iam.aws_iam_role.ec2_role",
            "module.s3.aws_sqs_queue.s3_events",
            "module.s3.aws_sqs_queue.s3_events_dlq",
            "module.vpc.aws_subnet.private",
            "module.vpc.aws_vpc.main",
            "module.vpc.data.aws_availability_zones.available"
          ]
        }
      ]
    },
    {
      "module": "module.ec2",
      "mode": "managed",
      "type": "aws_autoscaling_policy",
      "name": "scale_up",
      "provider": "provider[\"registry.terraform.io/hashicorp/aws\"]",
      "instances": [
        {
          "schema_version": 0,
          "attributes": {
            "adjustment_type": "ChangeInCapacity",
            "arn": "arn:aws:autoscaling:eu-west-2:463470963000:scalingPolicy:1869c705-d663-4984-8414-7b65e40a879c:autoScalingGroupName/trading-analytics-dev-asg:policyName/trading-analytics-dev-scale-up",
            "autoscaling_group_name": "trading-analytics-dev-asg",
            "cooldown": 300,
            "enabled": true,
            "estimated_instance_warmup": 0,
            "id": "trading-analytics-dev-scale-up",
            "metric_aggregation_type": "",
            "min_adjustment_magnitude": 0,
            "name": "trading-analytics-dev-scale-up",
            "policy_type": "SimpleScaling",
            "predictive_scaling_configuration": [],
            "scaling_adjustment": 1,
            "step_adjustment": [],
            "target_tracking_configuration": []
          },
          "sensitive_attributes": [],
          "private": "bnVsbA==",
          "dependencies": [
            "module.alb.aws_lb_target_group.kibana",
            "module.ec2.aws_autoscaling_group.elk",
            "module.ec2.aws_launch_template.elk",
            "module.ec2.aws_security_group.elk",
            "module.ec2.data.aws_ami.ubuntu",
            "module.iam.aws_iam_instance_profile.ec2_profile",
            "module.iam.aws_iam_role.ec2_role",
            "module.s3.aws_sqs_queue.s3_events",
            "module.s3.aws_sqs_queue.s3_events_dlq",
            "module.vpc.aws_subnet.private",
            "module.vpc.aws_vpc.main",
            "module.vpc.data.aws_availability_zones.available"
          ]
        }
      ]
    },
    {
      "module": "module.ec2",
      "mode": "managed",
      "type": "aws_instance",
      "name": "elk",
      "provider": "provider[\"registry.terraform.io/hashicorp/aws\"]",
      "instances": [
        {
          "schema_version": 1,
          "attributes": {
            "ami": "ami-038fd6134a4d06e2e",
            "arn": "arn:aws:ec2:eu-west-2:463470963000:instance/i-0ec0d3982922eb809",
            "associate_public_ip_address": true,
            "availability_zone": "eu-west-2a",
            "capacity_reservation_specification": [
              {
                "capacity_reservation_preference": "open",
                "capacity_reservation_target": []
              }
            ],
            "cpu_core_count": 2,
            "cpu_options": [
              {
                "amd_sev_snp": "",
                "core_count": 2,
                "threads_per_core": 1
              }
            ],
            "cpu_threads_per_core": 1,
            "credit_specification": [
              {
                "cpu_credits": "standard"
              }
            ],
            "disable_api_stop": false,
            "disable_api_termination": false,
            "ebs_block_device": [],
            "ebs_optimized": false,
            "enclave_options": [
              {
                "enabled": false
              }
            ],
            "ephemeral_block_device": [],
            "get_password_data": false,
            "hibernation": false,
            "host_id": "",
            "host_resource_group_arn": null,
            "iam_instance_profile": "trading-analytics-dev-ec2-profile",
            "id": "i-0ec0d3982922eb809",
            "instance_initiated_shutdown_behavior": "stop",
            "instance_lifecycle": "",
            "instance_market_options": [],
            "instance_state": "running",
            "instance_type": "t2.medium",
            "ipv6_address_count": 0,
            "ipv6_addresses": [],
            "key_name": "",
            "launch_template": [],
            "maintenance_options": [
              {
                "auto_recovery": "default"
              }
            ],
            "metadata_options": [
              {
                "http_endpoint": "enabled",
                "http_protocol_ipv6": "disabled",
                "http_put_response_hop_limit": 1,
                "http_tokens": "optional",
                "instance_metadata_tags": "disabled"
              }
            ],
            "monitoring": false,
            "network_interface": [],
            "outpost_arn": "",
            "password_data": "",
            "placement_group": "",
            "placement_partition_number": 0,
            "primary_network_interface_id": "eni-09a3038b40ccdbab0",
            "private_dns": "ip-10-0-1-93.eu-west-2.compute.internal",
            "private_dns_name_options": [
              {
                "enable_resource_name_dns_a_record": false,
                "enable_resource_name_dns_aaaa_record": false,
                "hostname_type": "ip-name"
              }
            ],
            "private_ip": "10.0.1.93",
            "public_dns": "ec2-3-8-174-167.eu-west-2.compute.amazonaws.com",
            "public_ip": "3.8.174.167",
            "root_block_device": [
              {
                "delete_on_termination": true,
                "device_name": "/dev/sda1",
                "encrypted": false,
                "iops": 3000,
                "kms_key_id": "",
                "tags": {},
                "tags_all": {},
                "throughput": 125,
                "volume_id": "vol-035998a892ee05c0e",
                "volume_size": 30,
                "volume_type": "gp3"
              }
            ],
            "secondary_private_ips": [],
            "security_groups": [],
            "source_dest_check": true,
            "spot_instance_request_id": "",
            "subnet_id": "subnet-0e95e4ce9b1685736",
            "tags": {
              "Environment": "dev",
              "Name": "trading-analytics-dev-elk",
              "Project": "trading-analytics"
            },
            "tags_all": {
              "Environment": "dev",
              "Name": "trading-analytics-dev-elk",
              "Project": "trading-analytics"
            },
            "tenancy": "default",
            "timeouts": null,
            "user_data": "ea4b8514c228e4827f508fb2fddd1d23d1269329",
            "user_data_base64": null,
            "user_data_replace_on_change": false,
            "volume_tags": null,
            "vpc_security_group_ids": [
              "sg-03a761b5fef135a6d"
            ]
          },
          "sensitive_attributes": [],
          "private": "eyJlMmJmYjczMC1lY2FhLTExZTYtOGY4OC0zNDM2M2JjN2M0YzAiOnsiY3JlYXRlIjo2MDAwMDAwMDAwMDAsImRlbGV0ZSI6MTIwMDAwMDAwMDAwMCwicmVhZCI6OTAwMDAwMDAwMDAwLCJ1cGRhdGUiOjYwMDAwMDAwMDAwMH0sInNjaGVtYV92ZXJzaW9uIjoiMSJ9",
          "dependencies": [
            "module.ec2.aws_security_group.elk",
            "module.ec2.data.aws_ami.ubuntu",
            "module.iam.aws_iam_instance_profile.ec2_profile",
            "module.iam.aws_iam_role.ec2_role",
            "module.s3.aws_sqs_queue.s3_events",
            "module.s3.aws_sqs_queue.s3_events_dlq",
            "module.vpc.aws_subnet.public",
            "module.vpc.aws_vpc.main",
            "module.vpc.data.aws_availability_zones.available"
          ]
        }
      ]
    },
    {
      "module": "module.ec2",
      "mode": "managed",
      "type": "aws_launch_template",
      "name": "elk",
      "provider": "provider[\"registry.terraform.io/hashicorp/aws\"]",
      "instances": [
        {
          "schema_version": 0,
          "attributes": {
            "arn": "arn:aws:ec2:eu-west-2:463470963000:launch-template/lt-0479b52f0f38cfb5a",
            "block_device_mappings": [
              {
                "device_name": "/dev/sda1",
                "ebs": [
                  {
                    "delete_on_termination": "",
                    "encrypted": "",
                    "iops": 0,
                    "kms_key_id": "",
                    "snapshot_id": "",
                    "throughput": 0,
                    "volume_size": 30,
                    "volume_type": "gp3"
                  }
                ],
                "no_device": "",
                "virtual_name": ""
              }
            ],
            "capacity_reservation_specification": [],
            "cpu_options": [],
            "credit_specification": [],
            "default_version": 1,
            "description": "",
            "disable_api_stop": false,
            "disable_api_termination": false,
            "ebs_optimized": "",
            "elastic_gpu_specifications": [],
            "elastic_inference_accelerator": [],
            "enclave_options": [],
            "hibernation_options": [],
            "iam_instance_profile": [
              {
                "arn": "",
                "name": "trading-analytics-dev-ec2-profile"
              }
            ],
            "id": "lt-0479b52f0f38cfb5a",
            "image_id": "ami-038fd6134a4d06e2e",
            "instance_initiated_shutdown_behavior": "",
            "instance_market_options": [],
            "instance_requirements": [],
            "instance_type": "t2.medium",
            "kernel_id": "",
            "key_name": "",
            "latest_version": 4,
            "license_specification": [],
            "maintenance_options": [],
            "metadata_options": [],
            "monitoring": [],
            "name": "trading-analytics-dev-lt2025021417105523160000000a",
            "name_prefix": "trading-analytics-dev-lt",
            "network_interfaces": [
              {
                "associate_carrier_ip_address": "",
                "associate_public_ip_address": "false",
                "delete_on_termination": "",
                "description": "",
                "device_index": 0,
                "interface_type": "",
                "ipv4_address_count": 0,
                "ipv4_addresses": [],
                "ipv4_prefix_count": 0,
                "ipv4_prefixes": [],
                "ipv6_address_count": 0,
                "ipv6_addresses": [],
                "ipv6_prefix_count": 0,
                "ipv6_prefixes": [],
                "network_card_index": 0,
                "network_interface_id": "",
                "primary_ipv6": "",
                "private_ip_address": "",
                "security_groups": [
                  "sg-03a761b5fef135a6d"
                ],
                "subnet_id": ""
              }
            ],
            "placement": [],
            "private_dns_name_options": [],
            "ram_disk_id": "",
            "security_group_names": [],
            "tag_specifications": [],
            "tags": {
              "Environment": "dev",
              "Name": "trading-analytics-dev-lt",
              "Project": "trading-analytics"
            },
            "tags_all": {
              "Environment": "dev",
              "Name": "trading-analytics-dev-lt",
              "Project": "trading-analytics"
            },
            "update_default_version": null,
            "user_data": "IyEvYmluL2Jhc2gKCiMgU3lzdGVtIFVwZGF0ZXMKYXB0LWdldCB1cGRhdGUKYXB0LWdldCB1cGdyYWRlIC15CgojIEluc3RhbGwgZXNzZW50aWFsIHRvb2xzCmFwdC1nZXQgaW5zdGFsbCAteSBcCiAgICBhd3NjbGkgXAogICAganEgXAogICAgdW56aXAgXAogICAgY3VybCBcCiAgICBnbnVwZzIgXAogICAgYXB0LXRyYW5zcG9ydC1odHRwcyBcCiAgICBjYS1jZXJ0aWZpY2F0ZXMgXAogICAgc29mdHdhcmUtcHJvcGVydGllcy1jb21tb24gXAogICAgb3Blbmpkay0xMS1qZGsKCiMgSW5zdGFsbCBTU00gQWdlbnQgZm9yIFVidW50dQpzdWRvIHNuYXAgaW5zdGFsbCBhbWF6b24tc3NtLWFnZW50IC0tY2xhc3NpYwpzdWRvIHN5c3RlbWN0bCBlbmFibGUgc25hcC5hbWF6b24tc3NtLWFnZW50LmFtYXpvbi1zc20tYWdlbnQuc2VydmljZQpzdWRvIHN5c3RlbWN0bCBzdGFydCBzbmFwLmFtYXpvbi1zc20tYWdlbnQuYW1hem9uLXNzbS1hZ2VudC5zZXJ2aWNlCgojIEFkZCBFbGFzdGljc2VhcmNoIHJlcG9zaXRvcnkKd2dldCAtcU8gL3Vzci9zaGFyZS9rZXlyaW5ncy9lbGFzdGljc2VhcmNoLWtleXJpbmcuZ3BnIGh0dHBzOi8vYXJ0aWZhY3RzLmVsYXN0aWMuY28vR1BHLUtFWS1lbGFzdGljc2VhcmNoCmVjaG8gImRlYiBbc2lnbmVkLWJ5PS91c3Ivc2hhcmUva2V5cmluZ3MvZWxhc3RpY3NlYXJjaC1rZXlyaW5nLmdwZ10gaHR0cHM6Ly9hcnRpZmFjdHMuZWxhc3RpYy5jby9wYWNrYWdlcy83LngvYXB0IHN0YWJsZSBtYWluIiB8IHRlZSAvZXRjL2FwdC9zb3VyY2VzLmxpc3QuZC9lbGFzdGljLTcueC5saXN0CgojIFVwZGF0ZSBwYWNrYWdlIGxpc3QKYXB0LWdldCB1cGRhdGUKCiMgSW5zdGFsbCBFTEsgU3RhY2sKYXB0LWdldCBpbnN0YWxsIC15IGVsYXN0aWNzZWFyY2gga2liYW5hIGxvZ3N0YXNoCgojIENvbmZpZ3VyZSBFbGFzdGljc2VhcmNoCmNhdCA8PEVPRiA+IC9ldGMvZWxhc3RpY3NlYXJjaC9lbGFzdGljc2VhcmNoLnltbApjbHVzdGVyLm5hbWU6ICJ0cmFkaW5nLWFuYWx5dGljcy1kZXYiCm5vZGUubmFtZTogIiQoaG9zdG5hbWUpIgpwYXRoLmRhdGE6IC92YXIvbGliL2VsYXN0aWNzZWFyY2gKcGF0aC5sb2dzOiAvdmFyL2xvZy9lbGFzdGljc2VhcmNoCm5ldHdvcmsuaG9zdDogMC4wLjAuMApkaXNjb3ZlcnkudHlwZTogc2luZ2xlLW5vZGUKeHBhY2suc2VjdXJpdHkuZW5hYmxlZDogdHJ1ZQpFT0YKCiMgU2V0IEpWTSBvcHRpb25zIGZvciBFbGFzdGljc2VhcmNoCmNhdCA8PEVPRiA+IC9ldGMvZWxhc3RpY3NlYXJjaC9qdm0ub3B0aW9ucy5kL2hlYXAub3B0aW9ucwotWG1zMWcKLVhteDFnCkVPRgoKIyBDb25maWd1cmUgS2liYW5hCmNhdCA8PEVPRiA+IC9ldGMva2liYW5hL2tpYmFuYS55bWwKc2VydmVyLmhvc3Q6ICIwLjAuMC4wIgpzZXJ2ZXIucG9ydDogNTYwMQplbGFzdGljc2VhcmNoLmhvc3RzOiBbImh0dHA6Ly9sb2NhbGhvc3Q6OTIwMCJdCkVPRgoKIyBDb25maWd1cmUgTG9nc3Rhc2gKY2F0IDw8RU9GID4gL2V0Yy9sb2dzdGFzaC9sb2dzdGFzaC55bWwKcGF0aC5kYXRhOiAvdmFyL2xpYi9sb2dzdGFzaApwYXRoLmxvZ3M6IC92YXIvbG9nL2xvZ3N0YXNoCnhwYWNrLm1vbml0b3JpbmcuZW5hYmxlZDogdHJ1ZQpFT0YKCiMgSW5zdGFsbCBhbmQgY29uZmlndXJlIEZpbGViZWF0CmFwdC1nZXQgaW5zdGFsbCAteSBmaWxlYmVhdAoKY2F0IDw8RU9GID4gL2V0Yy9maWxlYmVhdC9maWxlYmVhdC55bWwKZmlsZWJlYXQuaW5wdXRzOgotIHR5cGU6IHMzCiAgZW5hYmxlZDogdHJ1ZQogIHZhci5xdWV1ZV91cmw6ICJodHRwczovL3Nxcy5ldS13ZXN0LTIuYW1hem9uYXdzLmNvbS80NjM0NzA5NjMwMDAvdHJhZGluZy1hbmFseXRpY3MtZGV2LXMzLWV2ZW50cyIKCm91dHB1dC5sb2dzdGFzaDoKICBob3N0czogWyJsb2NhbGhvc3Q6NTA0NCJdCkVPRgoKIyBTdGFydCBzZXJ2aWNlcwpzeXN0ZW1jdGwgZGFlbW9uLXJlbG9hZAoKZm9yIHNlcnZpY2UgaW4gZWxhc3RpY3NlYXJjaCBraWJhbmEgbG9nc3Rhc2ggZmlsZWJlYXQ7IGRvCiAgICBzeXN0ZW1jdGwgZW5hYmxlICRzZXJ2aWNlCiAgICBzeXN0ZW1jdGwgc3RhcnQgJHNlcnZpY2UKICAgIAogICAgIyBDaGVjayBzZXJ2aWNlIHN0YXR1cwogICAgaWYgISBzeXN0ZW1jdGwgaXMtYWN0aXZlIC0tcXVpZXQgJHNlcnZpY2U7IHRoZW4KICAgICAgICBlY2hvICIkc2VydmljZSBmYWlsZWQgdG8gc3RhcnQiCiAgICAgICAgZXhpdCAxCiAgICBmaQpkb25lCgojIFdhaXQgZm9yIEVsYXN0aWNzZWFyY2ggdG8gYmUgcmVhZHkKdW50aWwgY3VybCAtcyBsb2NhbGhvc3Q6OTIwMCA+IC9kZXYvbnVsbDsgZG8KICAgIGVjaG8gIldhaXRpbmcgZm9yIEVsYXN0aWNzZWFyY2ggdG8gc3RhcnQuLi4iCiAgICBzbGVlcCAxMApkb25lCgojIFNldCB1cCBwYXNzd29yZHMKL3Vzci9zaGFyZS9lbGFzdGljc2VhcmNoL2Jpbi9lbGFzdGljc2VhcmNoLXNldHVwLXBhc3N3b3JkcyBhdXRvIC1iID4gL3Jvb3QvZWxhc3RpY19wYXNzd29yZHMudHh0CgppZiBbICEgLWYgL3Jvb3QvZWxhc3RpY19wYXNzd29yZHMudHh0IF07IHRoZW4KICAgIGVjaG8gIkZhaWxlZCB0byBnZW5lcmF0ZSBFbGFzdGljc2VhcmNoIHBhc3N3b3JkcyIKICAgIGV4aXQgMQpmaQoKIyBFeHRyYWN0IHBhc3N3b3JkcwpFTEFTVElDX1BBU1NXT1JEPSQoZ3JlcCAiZWxhc3RpYyA9ICIgL3Jvb3QvZWxhc3RpY19wYXNzd29yZHMudHh0IHwgYXdrICd7cHJpbnQgJDN9JykKCiMgVXBkYXRlIEtpYmFuYSBjb25maWcgd2l0aCBwYXNzd29yZApzZWQgLWkgInMvI2VsYXN0aWNzZWFyY2gudXNlcm5hbWU6IC4qL2VsYXN0aWNzZWFyY2gudXNlcm5hbWU6IGVsYXN0aWMvIiAvZXRjL2tpYmFuYS9raWJhbmEueW1sCnNlZCAtaSAicy8jZWxhc3RpY3NlYXJjaC5wYXNzd29yZDogLiovZWxhc3RpY3NlYXJjaC5wYXNzd29yZDogJEVMQVNUSUNfUEFTU1dPUkQvIiAvZXRjL2tpYmFuYS9raWJhbmEueW1sCgojIFJlc3RhcnQgS2liYW5hIHRvIGFwcGx5IHBhc3N3b3JkCnN5c3RlbWN0bCByZXN0YXJ0IGtpYmFuYS5zZXJ2aWNlCgojIFN0b3JlIHBhc3N3b3JkIGluIFBhcmFtZXRlciBTdG9yZQphd3Mgc3NtIHB1dC1wYXJhbWV0ZXIgXAogICAgLS1yZWdpb24gImV1LXdlc3QtMiIgXAogICAgLS1uYW1lICIvdHJhZGluZy1hbmFseXRpY3MtZGV2L2VsYXN0aWNfcGFzc3dvcmQiIFwKICAgIC0tdmFsdWUgIiRFTEFTVElDX1BBU1NXT1JEIiBcCiAgICAtLXR5cGUgU2VjdXJlU3RyaW5nIFwKICAgIC0tb3ZlcndyaXRlCgojIEluc3RhbGwgbW9uaXRvcmluZwphcHQtZ2V0IGluc3RhbGwgLXkgcHJvbWV0aGV1cy1ub2RlLWV4cG9ydGVyCgojIENsZWFudXAKcm0gLWYgL3Jvb3QvZWxhc3RpY19wYXNzd29yZHMudHh0CgplY2hvICJFTEsgU3RhY2sgaW5zdGFsbGF0aW9uIGNvbXBsZXRlZCBzdWNjZXNzZnVsbHki",
            "vpc_security_group_ids": []
          },
          "sensitive_attributes": [],
          "private": "bnVsbA==",
          "dependencies": [
            "module.ec2.aws_security_group.elk",
            "module.ec2.data.aws_ami.ubuntu",
            "module.iam.aws_iam_instance_profile.ec2_profile",
            "module.iam.aws_iam_role.ec2_role",
            "module.s3.aws_sqs_queue.s3_events",
            "module.s3.aws_sqs_queue.s3_events_dlq",
            "module.vpc.aws_vpc.main"
          ]
        }
      ]
    },
    {
      "module": "module.ec2",
      "mode": "managed",
      "type": "aws_security_group",
      "name": "elk",
      "provider": "provider[\"registry.terraform.io/hashicorp/aws\"]",
      "instances": [
        {
          "schema_version": 1,
          "attributes": {
            "arn": "arn:aws:ec2:eu-west-2:463470963000:security-group/sg-03a761b5fef135a6d",
            "description": "Security group for ELK stack",
            "egress": [
              {
                "cidr_blocks": [
                  "0.0.0.0/0"
                ],
                "description": "",
                "from_port": 0,
                "ipv6_cidr_blocks": [],
                "prefix_list_ids": [],
                "protocol": "-1",
                "security_groups": [],
                "self": false,
                "to_port": 0
              }
            ],
            "id": "sg-03a761b5fef135a6d",
            "ingress": [
              {
                "cidr_blocks": [
                  "0.0.0.0/0"
                ],
                "description": "",
                "from_port": 22,
                "ipv6_cidr_blocks": [],
                "prefix_list_ids": [],
                "protocol": "tcp",
                "security_groups": [],
                "self": false,
                "to_port": 22
              },
              {
                "cidr_blocks": [
                  "0.0.0.0/0"
                ],
                "description": "",
                "from_port": 5601,
                "ipv6_cidr_blocks": [],
                "prefix_list_ids": [],
                "protocol": "tcp",
                "security_groups": [],
                "self": false,
                "to_port": 5601
              },
              {
                "cidr_blocks": [
                  "0.0.0.0/0"
                ],
                "description": "",
                "from_port": 9200,
                "ipv6_cidr_blocks": [],
                "prefix_list_ids": [],
                "protocol": "tcp",
                "security_groups": [],
                "self": false,
                "to_port": 9200
              }
            ],
            "name": "trading-analytics-dev-elk-sg",
            "name_prefix": "",
            "owner_id": "463470963000",
            "revoke_rules_on_delete": false,
            "tags": {
              "Environment": "dev",
              "Name": "trading-analytics-dev-elk-sg",
              "Project": "trading-analytics"
            },
            "tags_all": {
              "Environment": "dev",
              "Name": "trading-analytics-dev-elk-sg",
              "Project": "trading-analytics"
            },
            "timeouts": null,
            "vpc_id": "vpc-070ab3fe976eda822"
          },
          "sensitive_attributes": [],
          "private": "eyJlMmJmYjczMC1lY2FhLTExZTYtOGY4OC0zNDM2M2JjN2M0YzAiOnsiY3JlYXRlIjo2MDAwMDAwMDAwMDAsImRlbGV0ZSI6OTAwMDAwMDAwMDAwfSwic2NoZW1hX3ZlcnNpb24iOiIxIn0=",
          "dependencies": [
            "module.vpc.aws_vpc.main"
          ]
        }
      ]
    },
    {
      "module": "module.iam",
      "mode": "managed",
      "type": "aws_iam_instance_profile",
      "name": "ec2_profile",
      "provider": "provider[\"registry.terraform.io/hashicorp/aws\"]",
      "instances": [
        {
          "schema_version": 0,
          "attributes": {
            "arn": "arn:aws:iam::463470963000:instance-profile/trading-analytics-dev-ec2-profile",
            "create_date": "2025-02-14T17:10:05Z",
            "id": "trading-analytics-dev-ec2-profile",
            "name": "trading-analytics-dev-ec2-profile",
            "name_prefix": "",
            "path": "/",
            "role": "trading-analytics-dev-ec2-role",
            "tags": {},
            "tags_all": {},
            "unique_id": "AIPAWX2IFVE4MILPMIPIZ"
          },
          "sensitive_attributes": [],
          "private": "bnVsbA==",
          "dependencies": [
            "module.iam.aws_iam_role.ec2_role"
          ]
        }
      ]
    },
    {
      "module": "module.iam",
      "mode": "managed",
      "type": "aws_iam_role",
      "name": "ec2_role",
      "provider": "provider[\"registry.terraform.io/hashicorp/aws\"]",
      "instances": [
        {
          "schema_version": 0,
          "attributes": {
            "arn": "arn:aws:iam::463470963000:role/trading-analytics-dev-ec2-role",
            "assume_role_policy": "{\"Statement\":[{\"Action\":\"sts:AssumeRole\",\"Effect\":\"Allow\",\"Principal\":{\"Service\":\"ec2.amazonaws.com\"}}],\"Version\":\"2012-10-17\"}",
            "create_date": "2025-02-14T17:10:05Z",
            "description": "",
            "force_detach_policies": false,
            "id": "trading-analytics-dev-ec2-role",
            "inline_policy": [
              {
                "name": "trading-analytics-dev-s3-access",
                "policy": "{\"Version\":\"2012-10-17\",\"Statement\":[{\"Action\":[\"s3:GetObject\",\"s3:ListBucket\",\"s3:PutObject\"],\"Effect\":\"Allow\",\"Resource\":[\"arn:aws:s3:::trading-analytics-dev-logs\",\"arn:aws:s3:::trading-analytics-dev-logs/*\"]}]}"
              },
              {
                "name": "trading-analytics-sqs-access",
                "policy": "{\"Version\":\"2012-10-17\",\"Statement\":[{\"Action\":[\"sqs:ReceiveMessage\",\"sqs:DeleteMessage\"],\"Effect\":\"Allow\",\"Resource\":\"arn:aws:sqs:eu-west-2:463470963000:trading-analytics-dev-s3-events\"}]}"
              }
            ],
            "managed_policy_arns": [
              "arn:aws:iam::aws:policy/AmazonSSMManagedInstanceCore"
            ],
            "max_session_duration": 3600,
            "name": "trading-analytics-dev-ec2-role",
            "name_prefix": "",
            "path": "/",
            "permissions_boundary": "",
            "tags": {},
            "tags_all": {},
            "unique_id": "AROAWX2IFVE4D2PX2PGYN"
          },
          "sensitive_attributes": [],
          "private": "bnVsbA=="
        }
      ]
    },
    {
      "module": "module.iam",
      "mode": "managed",
      "type": "aws_iam_role_policy",
      "name": "parameter_store_access",
      "provider": "provider[\"registry.terraform.io/hashicorp/aws\"]",
      "instances": [
        {
          "schema_version": 0,
          "attributes": {
            "id": "trading-analytics-dev-ec2-role:trading-analytics-dev-parameter-store-access",
            "name": "trading-analytics-dev-parameter-store-access",
            "name_prefix": "",
            "policy": "{\"Version\":\"2012-10-17\",\"Statement\":[{\"Action\":[\"ssm:PutParameter\",\"ssm:GetParameter\",\"ssm:GetParameters\"],\"Effect\":\"Allow\",\"Resource\":\"arn:aws:ssm:eu-west-2:463470963000:parameter/trading-analytics-dev/*\"}]}",
            "role": "trading-analytics-dev-ec2-role"
          },
          "sensitive_attributes": [],
          "private": "bnVsbA==",
          "dependencies": [
            "module.iam.aws_iam_role.ec2_role"
          ]
        }
      ]
    },
    {
      "module": "module.iam",
      "mode": "managed",
      "type": "aws_iam_role_policy",
      "name": "s3_access",
      "provider": "provider[\"registry.terraform.io/hashicorp/aws\"]",
      "instances": [
        {
          "schema_version": 0,
          "attributes": {
            "id": "trading-analytics-dev-ec2-role:trading-analytics-dev-s3-access",
            "name": "trading-analytics-dev-s3-access",
            "name_prefix": "",
            "policy": "{\"Version\":\"2012-10-17\",\"Statement\":[{\"Action\":[\"s3:GetObject\",\"s3:ListBucket\",\"s3:PutObject\"],\"Effect\":\"Allow\",\"Resource\":[\"arn:aws:s3:::trading-analytics-dev-logs\",\"arn:aws:s3:::trading-analytics-dev-logs/*\"]}]}",
            "role": "trading-analytics-dev-ec2-role"
          },
          "sensitive_attributes": [],
          "private": "bnVsbA==",
          "dependencies": [
            "module.iam.aws_iam_role.ec2_role",
            "module.s3.aws_s3_bucket.logs"
          ]
        }
      ]
    },
    {
      "module": "module.iam",
      "mode": "managed",
      "type": "aws_iam_role_policy",
      "name": "sqs_access",
      "provider": "provider[\"registry.terraform.io/hashicorp/aws\"]",
      "instances": [
        {
          "schema_version": 0,
          "attributes": {
            "id": "trading-analytics-dev-ec2-role:trading-analytics-sqs-access",
            "name": "trading-analytics-sqs-access",
            "name_prefix": "",
            "policy": "{\"Version\":\"2012-10-17\",\"Statement\":[{\"Action\":[\"sqs:ReceiveMessage\",\"sqs:DeleteMessage\"],\"Effect\":\"Allow\",\"Resource\":\"arn:aws:sqs:eu-west-2:463470963000:trading-analytics-dev-s3-events\"}]}",
            "role": "trading-analytics-dev-ec2-role"
          },
          "sensitive_attributes": [],
          "private": "bnVsbA==",
          "dependencies": [
            "module.iam.aws_iam_role.ec2_role",
            "module.s3.aws_sqs_queue.s3_events",
            "module.s3.aws_sqs_queue.s3_events_dlq"
          ]
        }
      ]
    },
    {
      "module": "module.iam",
      "mode": "managed",
      "type": "aws_iam_role_policy_attachment",
      "name": "ssm",
      "provider": "provider[\"registry.terraform.io/hashicorp/aws\"]",
      "instances": [
        {
          "schema_version": 0,
          "attributes": {
            "id": "trading-analytics-dev-ec2-role-20250214171005630200000002",
            "policy_arn": "arn:aws:iam::aws:policy/AmazonSSMManagedInstanceCore",
            "role": "trading-analytics-dev-ec2-role"
          },
          "sensitive_attributes": [],
          "private": "bnVsbA==",
          "dependencies": [
            "module.iam.aws_iam_role.ec2_role"
          ]
        }
      ]
    },
    {
      "module": "module.s3",
      "mode": "managed",
      "type": "aws_s3_bucket",
      "name": "logs",
      "provider": "provider[\"registry.terraform.io/hashicorp/aws\"]",
      "instances": [
        {
          "schema_version": 0,
          "attributes": {
            "acceleration_status": "",
            "acl": null,
            "arn": "arn:aws:s3:::trading-analytics-dev-logs",
            "bucket": "trading-analytics-dev-logs",
            "bucket_domain_name": "trading-analytics-dev-logs.s3.amazonaws.com",
            "bucket_prefix": "",
            "bucket_regional_domain_name": "trading-analytics-dev-logs.s3.eu-west-2.amazonaws.com",
            "cors_rule": [],
            "force_destroy": false,
            "grant": [
              {
                "id": "193045ede8fd12b3c9de406994d7702f872e2eebebca247b2f5db220a8fb4d63",
                "permissions": [
                  "FULL_CONTROL"
                ],
                "type": "CanonicalUser",
                "uri": ""
              }
            ],
            "hosted_zone_id": "Z3GKZC51ZF0DB4",
            "id": "trading-analytics-dev-logs",
            "lifecycle_rule": [
              {
                "abort_incomplete_multipart_upload_days": 0,
                "enabled": true,
                "expiration": [
                  {
                    "date": "",
                    "days": 2555,
                    "expired_object_delete_marker": false
                  }
                ],
                "id": "logs",
                "noncurrent_version_expiration": [
                  {
                    "days": 2555
                  }
                ],
                "noncurrent_version_transition": [
                  {
                    "days": 365,
                    "storage_class": "DEEP_ARCHIVE"
                  },
                  {
                    "days": 90,
                    "storage_class": "GLACIER_IR"
                  }
                ],
                "prefix": "",
                "tags": {},
                "transition": [
                  {
                    "date": "",
                    "days": 365,
                    "storage_class": "DEEP_ARCHIVE"
                  },
                  {
                    "date": "",
                    "days": 90,
                    "storage_class": "GLACIER_IR"
                  }
                ]
              }
            ],
            "logging": [],
            "object_lock_configuration": [],
            "object_lock_enabled": false,
            "policy": "",
            "region": "eu-west-2",
            "replication_configuration": [],
            "request_payer": "BucketOwner",
            "server_side_encryption_configuration": [
              {
                "rule": [
                  {
                    "apply_server_side_encryption_by_default": [
                      {
                        "kms_master_key_id": "",
                        "sse_algorithm": "AES256"
                      }
                    ],
                    "bucket_key_enabled": false
                  }
                ]
              }
            ],
            "tags": {
              "Environment": "dev",
              "Name": "trading-analytics-dev-logs",
              "Project": "trading-analytics"
            },
            "tags_all": {
              "Environment": "dev",
              "Name": "trading-analytics-dev-logs",
              "Project": "trading-analytics"
            },
            "timeouts": null,
            "versioning": [
              {
                "enabled": true,
                "mfa_delete": false
              }
            ],
            "website": [],
            "website_domain": null,
            "website_endpoint": null
          },
          "sensitive_attributes": [],
          "private": "eyJlMmJmYjczMC1lY2FhLTExZTYtOGY4OC0zNDM2M2JjN2M0YzAiOnsiY3JlYXRlIjoxMjAwMDAwMDAwMDAwLCJkZWxldGUiOjM2MDAwMDAwMDAwMDAsInJlYWQiOjEyMDAwMDAwMDAwMDAsInVwZGF0ZSI6MTIwMDAwMDAwMDAwMH19"
        }
      ]
    },
    {
      "module": "module.s3",
      "mode": "managed",
      "type": "aws_s3_bucket_lifecycle_configuration",
      "name": "logs",
      "provider": "provider[\"registry.terraform.io/hashicorp/aws\"]",
      "instances": [
        {
          "schema_version": 0,
          "attributes": {
            "bucket": "trading-analytics-dev-logs",
            "expected_bucket_owner": "",
            "id": "trading-analytics-dev-logs",
            "rule": [
              {
                "abort_incomplete_multipart_upload": [],
                "expiration": [
                  {
                    "date": "",
                    "days": 2555,
                    "expired_object_delete_marker": false
                  }
                ],
                "filter": [
                  {
                    "and": [],
                    "object_size_greater_than": "",
                    "object_size_less_than": "",
                    "prefix": "",
                    "tag": []
                  }
                ],
                "id": "logs",
                "noncurrent_version_expiration": [
                  {
                    "newer_noncurrent_versions": "",
                    "noncurrent_days": 2555
                  }
                ],
                "noncurrent_version_transition": [
                  {
                    "newer_noncurrent_versions": "",
                    "noncurrent_days": 365,
                    "storage_class": "DEEP_ARCHIVE"
                  },
                  {
                    "newer_noncurrent_versions": "",
                    "noncurrent_days": 90,
                    "storage_class": "GLACIER_IR"
                  }
                ],
                "prefix": "",
                "status": "Enabled",
                "transition": [
                  {
                    "date": "",
                    "days": 365,
                    "storage_class": "DEEP_ARCHIVE"
                  },
                  {
                    "date": "",
                    "days": 90,
                    "storage_class": "GLACIER_IR"
                  }
                ]
              }
            ],
            "timeouts": null
          },
          "sensitive_attributes": [],
          "private": "eyJlMmJmYjczMC1lY2FhLTExZTYtOGY4OC0zNDM2M2JjN2M0YzAiOnsiY3JlYXRlIjoxODAwMDAwMDAwMDAsInVwZGF0ZSI6MTgwMDAwMDAwMDAwfX0=",
          "dependencies": [
            "module.s3.aws_s3_bucket.logs"
          ]
        }
      ]
    },
    {
      "module": "module.s3",
      "mode": "managed",
      "type": "aws_s3_bucket_notification",
      "name": "bucket_notification",
      "provider": "provider[\"registry.terraform.io/hashicorp/aws\"]",
      "instances": [
        {
          "schema_version": 0,
          "attributes": {
            "bucket": "trading-analytics-dev-logs",
            "eventbridge": false,
            "id": "trading-analytics-dev-logs",
            "lambda_function": [],
            "queue": [
              {
                "events": [
                  "s3:ObjectCreated:*"
                ],
                "filter_prefix": "",
                "filter_suffix": ".log",
                "id": "tf-s3-queue-20250214171055197800000009",
                "queue_arn": "arn:aws:sqs:eu-west-2:463470963000:trading-analytics-dev-s3-events"
              }
            ],
            "topic": []
          },
          "sensitive_attributes": [],
          "private": "bnVsbA==",
          "dependencies": [
            "module.s3.aws_s3_bucket.logs",
            "module.s3.aws_sqs_queue.s3_events",
            "module.s3.aws_sqs_queue.s3_events_dlq"
          ]
        }
      ]
    },
    {
      "module": "module.s3",
      "mode": "managed",
      "type": "aws_s3_bucket_public_access_block",
      "name": "logs",
      "provider": "provider[\"registry.terraform.io/hashicorp/aws\"]",
      "instances": [
        {
          "schema_version": 0,
          "attributes": {
            "block_public_acls": true,
            "block_public_policy": true,
            "bucket": "trading-analytics-dev-logs",
            "id": "trading-analytics-dev-logs",
            "ignore_public_acls": true,
            "restrict_public_buckets": true
          },
          "sensitive_attributes": [],
          "private": "bnVsbA==",
          "dependencies": [
            "module.s3.aws_s3_bucket.logs"
          ]
        }
      ]
    },
    {
      "module": "module.s3",
      "mode": "managed",
      "type": "aws_s3_bucket_versioning",
      "name": "logs",
      "provider": "provider[\"registry.terraform.io/hashicorp/aws\"]",
      "instances": [
        {
          "schema_version": 0,
          "attributes": {
            "bucket": "trading-analytics-dev-logs",
            "expected_bucket_owner": "",
            "id": "trading-analytics-dev-logs",
            "mfa": null,
            "versioning_configuration": [
              {
                "mfa_delete": "",
                "status": "Enabled"
              }
            ]
          },
          "sensitive_attributes": [],
          "private": "bnVsbA==",
          "dependencies": [
            "module.s3.aws_s3_bucket.logs"
          ]
        }
      ]
    },
    {
      "module": "module.s3",
      "mode": "managed",
      "type": "aws_sqs_queue",
      "name": "s3_events",
      "provider": "provider[\"registry.terraform.io/hashicorp/aws\"]",
      "instances": [
        {
          "schema_version": 0,
          "attributes": {
            "arn": "arn:aws:sqs:eu-west-2:463470963000:trading-analytics-dev-s3-events",
            "content_based_deduplication": false,
            "deduplication_scope": "",
            "delay_seconds": 0,
            "fifo_queue": false,
            "fifo_throughput_limit": "",
            "id": "https://sqs.eu-west-2.amazonaws.com/463470963000/trading-analytics-dev-s3-events",
            "kms_data_key_reuse_period_seconds": 300,
            "kms_master_key_id": "",
            "max_message_size": 262144,
            "message_retention_seconds": 345600,
            "name": "trading-analytics-dev-s3-events",
            "name_prefix": "",
            "policy": "{\"Statement\":[{\"Action\":\"sqs:SendMessage\",\"Condition\":{\"ArnLike\":{\"aws:SourceArn\":\"arn:aws:s3:::trading-analytics-dev-logs\"}},\"Effect\":\"Allow\",\"Principal\":{\"Service\":\"s3.amazonaws.com\"},\"Resource\":\"arn:aws:sqs:eu-west-2:463470963000:trading-analytics-dev-s3-events\"}],\"Version\":\"2012-10-17\"}",
            "receive_wait_time_seconds": 0,
            "redrive_allow_policy": "",
            "redrive_policy": "{\"deadLetterTargetArn\":\"arn:aws:sqs:eu-west-2:463470963000:trading-analytics-dev-s3-events-dlq\",\"maxReceiveCount\":4}",
            "sqs_managed_sse_enabled": true,
            "tags": {
              "Environment": "dev",
              "Name": "trading-analytics-dev-s3-events",
              "Project": "trading-analytics"
            },
            "tags_all": {
              "Environment": "dev",
              "Name": "trading-analytics-dev-s3-events",
              "Project": "trading-analytics"
            },
            "url": "https://sqs.eu-west-2.amazonaws.com/463470963000/trading-analytics-dev-s3-events",
            "visibility_timeout_seconds": 30
          },
          "sensitive_attributes": [],
          "private": "bnVsbA==",
          "dependencies": [
            "module.s3.aws_sqs_queue.s3_events_dlq"
          ]
        }
      ]
    },
    {
      "module": "module.s3",
      "mode": "managed",
      "type": "aws_sqs_queue",
      "name": "s3_events_dlq",
      "provider": "provider[\"registry.terraform.io/hashicorp/aws\"]",
      "instances": [
        {
          "schema_version": 0,
          "attributes": {
            "arn": "arn:aws:sqs:eu-west-2:463470963000:trading-analytics-dev-s3-events-dlq",
            "content_based_deduplication": false,
            "deduplication_scope": "",
            "delay_seconds": 0,
            "fifo_queue": false,
            "fifo_throughput_limit": "",
            "id": "https://sqs.eu-west-2.amazonaws.com/463470963000/trading-analytics-dev-s3-events-dlq",
            "kms_data_key_reuse_period_seconds": 300,
            "kms_master_key_id": "",
            "max_message_size": 262144,
            "message_retention_seconds": 1209600,
            "name": "trading-analytics-dev-s3-events-dlq",
            "name_prefix": "",
            "policy": "",
            "receive_wait_time_seconds": 0,
            "redrive_allow_policy": "",
            "redrive_policy": "",
            "sqs_managed_sse_enabled": true,
            "tags": {
              "Environment": "dev",
              "Name": "trading-analytics-dev-s3-events-dlq",
              "Project": "trading-analytics"
            },
            "tags_all": {
              "Environment": "dev",
              "Name": "trading-analytics-dev-s3-events-dlq",
              "Project": "trading-analytics"
            },
            "url": "https://sqs.eu-west-2.amazonaws.com/463470963000/trading-analytics-dev-s3-events-dlq",
            "visibility_timeout_seconds": 30
          },
          "sensitive_attributes": [],
          "private": "bnVsbA=="
        }
      ]
    },
    {
      "module": "module.s3",
      "mode": "managed",
      "type": "aws_sqs_queue_policy",
      "name": "s3_events_policy",
      "provider": "provider[\"registry.terraform.io/hashicorp/aws\"]",
      "instances": [
        {
          "schema_version": 1,
          "attributes": {
            "id": "https://sqs.eu-west-2.amazonaws.com/463470963000/trading-analytics-dev-s3-events",
            "policy": "{\"Statement\":[{\"Action\":\"sqs:SendMessage\",\"Condition\":{\"ArnLike\":{\"aws:SourceArn\":\"arn:aws:s3:::trading-analytics-dev-logs\"}},\"Effect\":\"Allow\",\"Principal\":{\"Service\":\"s3.amazonaws.com\"},\"Resource\":\"arn:aws:sqs:eu-west-2:463470963000:trading-analytics-dev-s3-events\"}],\"Version\":\"2012-10-17\"}",
            "queue_url": "https://sqs.eu-west-2.amazonaws.com/463470963000/trading-analytics-dev-s3-events"
          },
          "sensitive_attributes": [],
          "private": "eyJzY2hlbWFfdmVyc2lvbiI6IjEifQ==",
          "dependencies": [
            "module.s3.aws_s3_bucket.logs",
            "module.s3.aws_sqs_queue.s3_events",
            "module.s3.aws_sqs_queue.s3_events_dlq"
          ]
        }
      ]
    },
    {
      "module": "module.vpc",
      "mode": "data",
      "type": "aws_availability_zones",
      "name": "available",
      "provider": "provider[\"registry.terraform.io/hashicorp/aws\"]",
      "instances": [
        {
          "schema_version": 0,
          "attributes": {
            "all_availability_zones": null,
            "exclude_names": null,
            "exclude_zone_ids": null,
            "filter": null,
            "group_names": [
              "eu-west-2-zg-1"
            ],
            "id": "eu-west-2",
            "names": [
              "eu-west-2a",
              "eu-west-2b",
              "eu-west-2c"
            ],
            "state": "available",
            "timeouts": null,
            "zone_ids": [
              "euw2-az2",
              "euw2-az3",
              "euw2-az1"
            ]
          },
          "sensitive_attributes": []
        }
      ]
    },
    {
      "module": "module.vpc",
      "mode": "managed",
      "type": "aws_eip",
      "name": "nat",
      "provider": "provider[\"registry.terraform.io/hashicorp/aws\"]",
      "instances": [
        {
          "index_key": 0,
          "schema_version": 0,
          "attributes": {
            "address": null,
            "allocation_id": "eipalloc-022e0622479e591d9",
            "arn": "arn:aws:ec2:eu-west-2:463470963000:elastic-ip/eipalloc-022e0622479e591d9",
            "associate_with_private_ip": null,
            "association_id": "eipassoc-07a20ecd95a77f006",
            "carrier_ip": "",
            "customer_owned_ip": "",
            "customer_owned_ipv4_pool": "",
            "domain": "vpc",
            "id": "eipalloc-022e0622479e591d9",
            "instance": "",
            "network_border_group": "eu-west-2",
            "network_interface": "eni-038c7649af9064e85",
            "private_dns": "ip-10-0-1-239.eu-west-2.compute.internal",
            "private_ip": "10.0.1.239",
            "ptr_record": "",
            "public_dns": "ec2-35-177-36-24.eu-west-2.compute.amazonaws.com",
            "public_ip": "35.177.36.24",
            "public_ipv4_pool": "amazon",
            "tags": {
              "Environment": "dev",
              "Name": "trading-analytics-dev-nat-eip",
              "Project": "trading-analytics"
            },
            "tags_all": {
              "Environment": "dev",
              "Name": "trading-analytics-dev-nat-eip",
              "Project": "trading-analytics"
            },
            "timeouts": null,
            "vpc": true
          },
          "sensitive_attributes": [],
          "private": "eyJlMmJmYjczMC1lY2FhLTExZTYtOGY4OC0zNDM2M2JjN2M0YzAiOnsiZGVsZXRlIjoxODAwMDAwMDAwMDAsInJlYWQiOjkwMDAwMDAwMDAwMCwidXBkYXRlIjozMDAwMDAwMDAwMDB9fQ==",
          "dependencies": [
            "module.vpc.aws_internet_gateway.main",
            "module.vpc.aws_vpc.main"
          ]
        },
        {
          "index_key": 1,
          "schema_version": 0,
          "attributes": {
            "address": null,
            "allocation_id": "eipalloc-00dbe196bc2c83a90",
            "arn": "arn:aws:ec2:eu-west-2:463470963000:elastic-ip/eipalloc-00dbe196bc2c83a90",
            "associate_with_private_ip": null,
            "association_id": "eipassoc-06d11ad2fdf2ddb63",
            "carrier_ip": "",
            "customer_owned_ip": "",
            "customer_owned_ipv4_pool": "",
            "domain": "vpc",
            "id": "eipalloc-00dbe196bc2c83a90",
            "instance": "",
            "network_border_group": "eu-west-2",
            "network_interface": "eni-0109528c3ea5b0bdb",
            "private_dns": "ip-10-0-2-27.eu-west-2.compute.internal",
            "private_ip": "10.0.2.27",
            "ptr_record": "",
            "public_dns": "ec2-18-170-235-116.eu-west-2.compute.amazonaws.com",
            "public_ip": "18.170.235.116",
            "public_ipv4_pool": "amazon",
            "tags": {
              "Environment": "dev",
              "Name": "trading-analytics-dev-nat-eip",
              "Project": "trading-analytics"
            },
            "tags_all": {
              "Environment": "dev",
              "Name": "trading-analytics-dev-nat-eip",
              "Project": "trading-analytics"
            },
            "timeouts": null,
            "vpc": true
          },
          "sensitive_attributes": [],
          "private": "eyJlMmJmYjczMC1lY2FhLTExZTYtOGY4OC0zNDM2M2JjN2M0YzAiOnsiZGVsZXRlIjoxODAwMDAwMDAwMDAsInJlYWQiOjkwMDAwMDAwMDAwMCwidXBkYXRlIjozMDAwMDAwMDAwMDB9fQ==",
          "dependencies": [
            "module.vpc.aws_internet_gateway.main",
            "module.vpc.aws_vpc.main"
          ]
        }
      ]
    },
    {
      "module": "module.vpc",
      "mode": "managed",
      "type": "aws_internet_gateway",
      "name": "main",
      "provider": "provider[\"registry.terraform.io/hashicorp/aws\"]",
      "instances": [
        {
          "schema_version": 0,
          "attributes": {
            "arn": "arn:aws:ec2:eu-west-2:463470963000:internet-gateway/igw-042b4727139beb37b",
            "id": "igw-042b4727139beb37b",
            "owner_id": "463470963000",
            "tags": {
              "Environment": "dev",
              "Name": "trading-analytics-dev-igw",
              "Project": "trading-analytics"
            },
            "tags_all": {
              "Environment": "dev",
              "Name": "trading-analytics-dev-igw",
              "Project": "trading-analytics"
            },
            "timeouts": null,
            "vpc_id": "vpc-070ab3fe976eda822"
          },
          "sensitive_attributes": [],
          "private": "eyJlMmJmYjczMC1lY2FhLTExZTYtOGY4OC0zNDM2M2JjN2M0YzAiOnsiY3JlYXRlIjoxMjAwMDAwMDAwMDAwLCJkZWxldGUiOjEyMDAwMDAwMDAwMDAsInVwZGF0ZSI6MTIwMDAwMDAwMDAwMH19",
          "dependencies": [
            "module.vpc.aws_vpc.main"
          ]
        }
      ]
    },
    {
      "module": "module.vpc",
      "mode": "managed",
      "type": "aws_nat_gateway",
      "name": "main",
      "provider": "provider[\"registry.terraform.io/hashicorp/aws\"]",
      "instances": [
        {
          "index_key": 0,
          "schema_version": 0,
          "attributes": {
            "allocation_id": "eipalloc-022e0622479e591d9",
            "association_id": "eipassoc-07a20ecd95a77f006",
            "connectivity_type": "public",
            "id": "nat-0d7d3a1f12550f27b",
            "network_interface_id": "eni-038c7649af9064e85",
            "private_ip": "10.0.1.239",
            "public_ip": "35.177.36.24",
            "secondary_allocation_ids": [],
            "secondary_private_ip_address_count": 0,
            "secondary_private_ip_addresses": [],
            "subnet_id": "subnet-0e95e4ce9b1685736",
            "tags": {
              "Environment": "dev",
              "Name": "trading-analytics-dev-nat",
              "Project": "trading-analytics"
            },
            "tags_all": {
              "Environment": "dev",
              "Name": "trading-analytics-dev-nat",
              "Project": "trading-analytics"
            },
            "timeouts": null
          },
          "sensitive_attributes": [],
          "private": "eyJlMmJmYjczMC1lY2FhLTExZTYtOGY4OC0zNDM2M2JjN2M0YzAiOnsiY3JlYXRlIjo2MDAwMDAwMDAwMDAsImRlbGV0ZSI6MTgwMDAwMDAwMDAwMCwidXBkYXRlIjo2MDAwMDAwMDAwMDB9fQ==",
          "dependencies": [
            "module.vpc.aws_eip.nat",
            "module.vpc.aws_internet_gateway.main",
            "module.vpc.aws_subnet.public",
            "module.vpc.aws_vpc.main",
            "module.vpc.data.aws_availability_zones.available"
          ]
        },
        {
          "index_key": 1,
          "schema_version": 0,
          "attributes": {
            "allocation_id": "eipalloc-00dbe196bc2c83a90",
            "association_id": "eipassoc-06d11ad2fdf2ddb63",
            "connectivity_type": "public",
            "id": "nat-0bb8965b78b483f3c",
            "network_interface_id": "eni-0109528c3ea5b0bdb",
            "private_ip": "10.0.2.27",
            "public_ip": "18.170.235.116",
            "secondary_allocation_ids": [],
            "secondary_private_ip_address_count": 0,
            "secondary_private_ip_addresses": [],
            "subnet_id": "subnet-0edca9b21f076091f",
            "tags": {
              "Environment": "dev",
              "Name": "trading-analytics-dev-nat",
              "Project": "trading-analytics"
            },
            "tags_all": {
              "Environment": "dev",
              "Name": "trading-analytics-dev-nat",
              "Project": "trading-analytics"
            },
            "timeouts": null
          },
          "sensitive_attributes": [],
          "private": "eyJlMmJmYjczMC1lY2FhLTExZTYtOGY4OC0zNDM2M2JjN2M0YzAiOnsiY3JlYXRlIjo2MDAwMDAwMDAwMDAsImRlbGV0ZSI6MTgwMDAwMDAwMDAwMCwidXBkYXRlIjo2MDAwMDAwMDAwMDB9fQ==",
          "dependencies": [
            "module.vpc.aws_eip.nat",
            "module.vpc.aws_internet_gateway.main",
            "module.vpc.aws_subnet.public",
            "module.vpc.aws_vpc.main",
            "module.vpc.data.aws_availability_zones.available"
          ]
        }
      ]
    },
    {
      "module": "module.vpc",
      "mode": "managed",
      "type": "aws_route_table",
      "name": "private",
      "provider": "provider[\"registry.terraform.io/hashicorp/aws\"]",
      "instances": [
        {
          "index_key": 0,
          "schema_version": 0,
          "attributes": {
            "arn": "arn:aws:ec2:eu-west-2:463470963000:route-table/rtb-0fec24e95ed4a9c18",
            "id": "rtb-0fec24e95ed4a9c18",
            "owner_id": "463470963000",
            "propagating_vgws": [],
            "route": [
              {
                "carrier_gateway_id": "",
                "cidr_block": "0.0.0.0/0",
                "core_network_arn": "",
                "destination_prefix_list_id": "",
                "egress_only_gateway_id": "",
                "gateway_id": "",
                "ipv6_cidr_block": "",
                "local_gateway_id": "",
                "nat_gateway_id": "nat-0d7d3a1f12550f27b",
                "network_interface_id": "",
                "transit_gateway_id": "",
                "vpc_endpoint_id": "",
                "vpc_peering_connection_id": ""
              }
            ],
            "tags": {
              "Environment": "dev",
              "Name": "trading-analytics-dev-private-rt",
              "Project": "trading-analytics"
            },
            "tags_all": {
              "Environment": "dev",
              "Name": "trading-analytics-dev-private-rt",
              "Project": "trading-analytics"
            },
            "timeouts": null,
            "vpc_id": "vpc-070ab3fe976eda822"
          },
          "sensitive_attributes": [],
          "private": "eyJlMmJmYjczMC1lY2FhLTExZTYtOGY4OC0zNDM2M2JjN2M0YzAiOnsiY3JlYXRlIjozMDAwMDAwMDAwMDAsImRlbGV0ZSI6MzAwMDAwMDAwMDAwLCJ1cGRhdGUiOjEyMDAwMDAwMDAwMH19",
          "dependencies": [
            "module.vpc.aws_eip.nat",
            "module.vpc.aws_internet_gateway.main",
            "module.vpc.aws_nat_gateway.main",
            "module.vpc.aws_subnet.public",
            "module.vpc.aws_vpc.main",
            "module.vpc.data.aws_availability_zones.available"
          ]
        },
        {
          "index_key": 1,
          "schema_version": 0,
          "attributes": {
            "arn": "arn:aws:ec2:eu-west-2:463470963000:route-table/rtb-03392fd04ac8afeec",
            "id": "rtb-03392fd04ac8afeec",
            "owner_id": "463470963000",
            "propagating_vgws": [],
            "route": [
              {
                "carrier_gateway_id": "",
                "cidr_block": "0.0.0.0/0",
                "core_network_arn": "",
                "destination_prefix_list_id": "",
                "egress_only_gateway_id": "",
                "gateway_id": "",
                "ipv6_cidr_block": "",
                "local_gateway_id": "",
                "nat_gateway_id": "nat-0bb8965b78b483f3c",
                "network_interface_id": "",
                "transit_gateway_id": "",
                "vpc_endpoint_id": "",
                "vpc_peering_connection_id": ""
              }
            ],
            "tags": {
              "Environment": "dev",
              "Name": "trading-analytics-dev-private-rt",
              "Project": "trading-analytics"
            },
            "tags_all": {
              "Environment": "dev",
              "Name": "trading-analytics-dev-private-rt",
              "Project": "trading-analytics"
            },
            "timeouts": null,
            "vpc_id": "vpc-070ab3fe976eda822"
          },
          "sensitive_attributes": [],
          "private": "eyJlMmJmYjczMC1lY2FhLTExZTYtOGY4OC0zNDM2M2JjN2M0YzAiOnsiY3JlYXRlIjozMDAwMDAwMDAwMDAsImRlbGV0ZSI6MzAwMDAwMDAwMDAwLCJ1cGRhdGUiOjEyMDAwMDAwMDAwMH19",
          "dependencies": [
            "module.vpc.aws_eip.nat",
            "module.vpc.aws_internet_gateway.main",
            "module.vpc.aws_nat_gateway.main",
            "module.vpc.aws_subnet.public",
            "module.vpc.aws_vpc.main",
            "module.vpc.data.aws_availability_zones.available"
          ]
        }
      ]
    },
    {
      "module": "module.vpc",
      "mode": "managed",
      "type": "aws_route_table",
      "name": "public",
      "provider": "provider[\"registry.terraform.io/hashicorp/aws\"]",
      "instances": [
        {
          "schema_version": 0,
          "attributes": {
            "arn": "arn:aws:ec2:eu-west-2:463470963000:route-table/rtb-02ce43c8d7829cc66",
            "id": "rtb-02ce43c8d7829cc66",
            "owner_id": "463470963000",
            "propagating_vgws": [],
            "route": [
              {
                "carrier_gateway_id": "",
                "cidr_block": "0.0.0.0/0",
                "core_network_arn": "",
                "destination_prefix_list_id": "",
                "egress_only_gateway_id": "",
                "gateway_id": "igw-042b4727139beb37b",
                "ipv6_cidr_block": "",
                "local_gateway_id": "",
                "nat_gateway_id": "",
                "network_interface_id": "",
                "transit_gateway_id": "",
                "vpc_endpoint_id": "",
                "vpc_peering_connection_id": ""
              }
            ],
            "tags": {
              "Environment": "dev",
              "Name": "trading-analytics-dev-public-rt",
              "Project": "trading-analytics"
            },
            "tags_all": {
              "Environment": "dev",
              "Name": "trading-analytics-dev-public-rt",
              "Project": "trading-analytics"
            },
            "timeouts": null,
            "vpc_id": "vpc-070ab3fe976eda822"
          },
          "sensitive_attributes": [],
          "private": "eyJlMmJmYjczMC1lY2FhLTExZTYtOGY4OC0zNDM2M2JjN2M0YzAiOnsiY3JlYXRlIjozMDAwMDAwMDAwMDAsImRlbGV0ZSI6MzAwMDAwMDAwMDAwLCJ1cGRhdGUiOjEyMDAwMDAwMDAwMH19",
          "dependencies": [
            "module.vpc.aws_internet_gateway.main",
            "module.vpc.aws_vpc.main"
          ]
        }
      ]
    },
    {
      "module": "module.vpc",
      "mode": "managed",
      "type": "aws_route_table_association",
      "name": "private",
      "provider": "provider[\"registry.terraform.io/hashicorp/aws\"]",
      "instances": [
        {
          "index_key": 0,
          "schema_version": 0,
          "attributes": {
            "gateway_id": "",
            "id": "rtbassoc-063a97521c6902e50",
            "route_table_id": "rtb-0fec24e95ed4a9c18",
            "subnet_id": "subnet-08311013e9bfb5c14",
            "timeouts": null
          },
          "sensitive_attributes": [],
          "private": "eyJlMmJmYjczMC1lY2FhLTExZTYtOGY4OC0zNDM2M2JjN2M0YzAiOnsiY3JlYXRlIjozMDAwMDAwMDAwMDAsImRlbGV0ZSI6MzAwMDAwMDAwMDAwLCJ1cGRhdGUiOjEyMDAwMDAwMDAwMH19",
          "dependencies": [
            "module.vpc.aws_eip.nat",
            "module.vpc.aws_internet_gateway.main",
            "module.vpc.aws_nat_gateway.main",
            "module.vpc.aws_route_table.private",
            "module.vpc.aws_subnet.private",
            "module.vpc.aws_subnet.public",
            "module.vpc.aws_vpc.main",
            "module.vpc.data.aws_availability_zones.available"
          ]
        },
        {
          "index_key": 1,
          "schema_version": 0,
          "attributes": {
            "gateway_id": "",
            "id": "rtbassoc-0e35eff3ae4b9cf86",
            "route_table_id": "rtb-03392fd04ac8afeec",
            "subnet_id": "subnet-0c3c756cab5cccc91",
            "timeouts": null
          },
          "sensitive_attributes": [],
          "private": "eyJlMmJmYjczMC1lY2FhLTExZTYtOGY4OC0zNDM2M2JjN2M0YzAiOnsiY3JlYXRlIjozMDAwMDAwMDAwMDAsImRlbGV0ZSI6MzAwMDAwMDAwMDAwLCJ1cGRhdGUiOjEyMDAwMDAwMDAwMH19",
          "dependencies": [
            "module.vpc.aws_eip.nat",
            "module.vpc.aws_internet_gateway.main",
            "module.vpc.aws_nat_gateway.main",
            "module.vpc.aws_route_table.private",
            "module.vpc.aws_subnet.private",
            "module.vpc.aws_subnet.public",
            "module.vpc.aws_vpc.main",
            "module.vpc.data.aws_availability_zones.available"
          ]
        }
      ]
    },
    {
      "module": "module.vpc",
      "mode": "managed",
      "type": "aws_route_table_association",
      "name": "public",
      "provider": "provider[\"registry.terraform.io/hashicorp/aws\"]",
      "instances": [
        {
          "index_key": 0,
          "schema_version": 0,
          "attributes": {
            "gateway_id": "",
            "id": "rtbassoc-0e5f2b93f1c92251d",
            "route_table_id": "rtb-02ce43c8d7829cc66",
            "subnet_id": "subnet-0e95e4ce9b1685736",
            "timeouts": null
          },
          "sensitive_attributes": [],
          "private": "eyJlMmJmYjczMC1lY2FhLTExZTYtOGY4OC0zNDM2M2JjN2M0YzAiOnsiY3JlYXRlIjozMDAwMDAwMDAwMDAsImRlbGV0ZSI6MzAwMDAwMDAwMDAwLCJ1cGRhdGUiOjEyMDAwMDAwMDAwMH19",
          "dependencies": [
            "module.vpc.aws_internet_gateway.main",
            "module.vpc.aws_route_table.public",
            "module.vpc.aws_subnet.public",
            "module.vpc.aws_vpc.main",
            "module.vpc.data.aws_availability_zones.available"
          ]
        },
        {
          "index_key": 1,
          "schema_version": 0,
          "attributes": {
            "gateway_id": "",
            "id": "rtbassoc-023636074a4eed4b2",
            "route_table_id": "rtb-02ce43c8d7829cc66",
            "subnet_id": "subnet-0edca9b21f076091f",
            "timeouts": null
          },
          "sensitive_attributes": [],
          "private": "eyJlMmJmYjczMC1lY2FhLTExZTYtOGY4OC0zNDM2M2JjN2M0YzAiOnsiY3JlYXRlIjozMDAwMDAwMDAwMDAsImRlbGV0ZSI6MzAwMDAwMDAwMDAwLCJ1cGRhdGUiOjEyMDAwMDAwMDAwMH19",
          "dependencies": [
            "module.vpc.aws_internet_gateway.main",
            "module.vpc.aws_route_table.public",
            "module.vpc.aws_subnet.public",
            "module.vpc.aws_vpc.main",
            "module.vpc.data.aws_availability_zones.available"
          ]
        }
      ]
    },
    {
      "module": "module.vpc",
      "mode": "managed",
      "type": "aws_security_group",
      "name": "vpc_endpoints",
      "provider": "provider[\"registry.terraform.io/hashicorp/aws\"]",
      "instances": [
        {
          "schema_version": 1,
          "attributes": {
            "arn": "arn:aws:ec2:eu-west-2:463470963000:security-group/sg-0482999c41d4ceee9",
            "description": "Security group for VPC endpoints",
            "egress": [
              {
                "cidr_blocks": [
                  "0.0.0.0/0"
                ],
                "description": "",
                "from_port": 0,
                "ipv6_cidr_blocks": [],
                "prefix_list_ids": [],
                "protocol": "-1",
                "security_groups": [],
                "self": false,
                "to_port": 0
              }
            ],
            "id": "sg-0482999c41d4ceee9",
            "ingress": [
              {
                "cidr_blocks": [],
                "description": "",
                "from_port": 443,
                "ipv6_cidr_blocks": [],
                "prefix_list_ids": [],
                "protocol": "tcp",
                "security_groups": [
                  "sg-03a761b5fef135a6d"
                ],
                "self": false,
                "to_port": 443
              }
            ],
            "name": "trading-analytics-dev-vpce-sg",
            "name_prefix": "",
            "owner_id": "463470963000",
            "revoke_rules_on_delete": false,
            "tags": {
              "Environment": "dev",
              "Name": "trading-analytics-dev-vpce-sg",
              "Project": "trading-analytics"
            },
            "tags_all": {
              "Environment": "dev",
              "Name": "trading-analytics-dev-vpce-sg",
              "Project": "trading-analytics"
            },
            "timeouts": null,
            "vpc_id": "vpc-070ab3fe976eda822"
          },
          "sensitive_attributes": [],
          "private": "eyJlMmJmYjczMC1lY2FhLTExZTYtOGY4OC0zNDM2M2JjN2M0YzAiOnsiY3JlYXRlIjo2MDAwMDAwMDAwMDAsImRlbGV0ZSI6OTAwMDAwMDAwMDAwfSwic2NoZW1hX3ZlcnNpb24iOiIxIn0=",
          "dependencies": [
            "module.ec2.aws_security_group.elk",
            "module.vpc.aws_vpc.main"
          ]
        }
      ]
    },
    {
      "module": "module.vpc",
      "mode": "managed",
      "type": "aws_subnet",
      "name": "private",
      "provider": "provider[\"registry.terraform.io/hashicorp/aws\"]",
      "instances": [
        {
          "index_key": 0,
          "schema_version": 1,
          "attributes": {
            "arn": "arn:aws:ec2:eu-west-2:463470963000:subnet/subnet-08311013e9bfb5c14",
            "assign_ipv6_address_on_creation": false,
            "availability_zone": "eu-west-2a",
            "availability_zone_id": "euw2-az2",
            "cidr_block": "10.0.3.0/24",
            "customer_owned_ipv4_pool": "",
            "enable_dns64": false,
            "enable_lni_at_device_index": 0,
            "enable_resource_name_dns_a_record_on_launch": false,
            "enable_resource_name_dns_aaaa_record_on_launch": false,
            "id": "subnet-08311013e9bfb5c14",
            "ipv6_cidr_block": "",
            "ipv6_cidr_block_association_id": "",
            "ipv6_native": false,
            "map_customer_owned_ip_on_launch": false,
            "map_public_ip_on_launch": false,
            "outpost_arn": "",
            "owner_id": "463470963000",
            "private_dns_hostname_type_on_launch": "ip-name",
            "tags": {
              "Environment": "dev",
              "Name": "trading-analytics-dev-private-1",
              "Project": "trading-analytics"
            },
            "tags_all": {
              "Environment": "dev",
              "Name": "trading-analytics-dev-private-1",
              "Project": "trading-analytics"
            },
            "timeouts": null,
            "vpc_id": "vpc-070ab3fe976eda822"
          },
          "sensitive_attributes": [],
          "private": "eyJlMmJmYjczMC1lY2FhLTExZTYtOGY4OC0zNDM2M2JjN2M0YzAiOnsiY3JlYXRlIjo2MDAwMDAwMDAwMDAsImRlbGV0ZSI6MTIwMDAwMDAwMDAwMH0sInNjaGVtYV92ZXJzaW9uIjoiMSJ9",
          "dependencies": [
            "module.vpc.aws_vpc.main",
            "module.vpc.data.aws_availability_zones.available"
          ]
        },
        {
          "index_key": 1,
          "schema_version": 1,
          "attributes": {
            "arn": "arn:aws:ec2:eu-west-2:463470963000:subnet/subnet-0c3c756cab5cccc91",
            "assign_ipv6_address_on_creation": false,
            "availability_zone": "eu-west-2b",
            "availability_zone_id": "euw2-az3",
            "cidr_block": "10.0.4.0/24",
            "customer_owned_ipv4_pool": "",
            "enable_dns64": false,
            "enable_lni_at_device_index": 0,
            "enable_resource_name_dns_a_record_on_launch": false,
            "enable_resource_name_dns_aaaa_record_on_launch": false,
            "id": "subnet-0c3c756cab5cccc91",
            "ipv6_cidr_block": "",
            "ipv6_cidr_block_association_id": "",
            "ipv6_native": false,
            "map_customer_owned_ip_on_launch": false,
            "map_public_ip_on_launch": false,
            "outpost_arn": "",
            "owner_id": "463470963000",
            "private_dns_hostname_type_on_launch": "ip-name",
            "tags": {
              "Environment": "dev",
              "Name": "trading-analytics-dev-private-2",
              "Project": "trading-analytics"
            },
            "tags_all": {
              "Environment": "dev",
              "Name": "trading-analytics-dev-private-2",
              "Project": "trading-analytics"
            },
            "timeouts": null,
            "vpc_id": "vpc-070ab3fe976eda822"
          },
          "sensitive_attributes": [],
          "private": "eyJlMmJmYjczMC1lY2FhLTExZTYtOGY4OC0zNDM2M2JjN2M0YzAiOnsiY3JlYXRlIjo2MDAwMDAwMDAwMDAsImRlbGV0ZSI6MTIwMDAwMDAwMDAwMH0sInNjaGVtYV92ZXJzaW9uIjoiMSJ9",
          "dependencies": [
            "module.vpc.aws_vpc.main",
            "module.vpc.data.aws_availability_zones.available"
          ]
        }
      ]
    },
    {
      "module": "module.vpc",
      "mode": "managed",
      "type": "aws_subnet",
      "name": "public",
      "provider": "provider[\"registry.terraform.io/hashicorp/aws\"]",
      "instances": [
        {
          "index_key": 0,
          "schema_version": 1,
          "attributes": {
            "arn": "arn:aws:ec2:eu-west-2:463470963000:subnet/subnet-0e95e4ce9b1685736",
            "assign_ipv6_address_on_creation": false,
            "availability_zone": "eu-west-2a",
            "availability_zone_id": "euw2-az2",
            "cidr_block": "10.0.1.0/24",
            "customer_owned_ipv4_pool": "",
            "enable_dns64": false,
            "enable_lni_at_device_index": 0,
            "enable_resource_name_dns_a_record_on_launch": false,
            "enable_resource_name_dns_aaaa_record_on_launch": false,
            "id": "subnet-0e95e4ce9b1685736",
            "ipv6_cidr_block": "",
            "ipv6_cidr_block_association_id": "",
            "ipv6_native": false,
            "map_customer_owned_ip_on_launch": false,
            "map_public_ip_on_launch": false,
            "outpost_arn": "",
            "owner_id": "463470963000",
            "private_dns_hostname_type_on_launch": "ip-name",
            "tags": {
              "Environment": "dev",
              "Name": "trading-analytics-dev-public-1",
              "Project": "trading-analytics"
            },
            "tags_all": {
              "Environment": "dev",
              "Name": "trading-analytics-dev-public-1",
              "Project": "trading-analytics"
            },
            "timeouts": null,
            "vpc_id": "vpc-070ab3fe976eda822"
          },
          "sensitive_attributes": [],
          "private": "eyJlMmJmYjczMC1lY2FhLTExZTYtOGY4OC0zNDM2M2JjN2M0YzAiOnsiY3JlYXRlIjo2MDAwMDAwMDAwMDAsImRlbGV0ZSI6MTIwMDAwMDAwMDAwMH0sInNjaGVtYV92ZXJzaW9uIjoiMSJ9",
          "dependencies": [
            "module.vpc.aws_vpc.main",
            "module.vpc.data.aws_availability_zones.available"
          ]
        },
        {
          "index_key": 1,
          "schema_version": 1,
          "attributes": {
            "arn": "arn:aws:ec2:eu-west-2:463470963000:subnet/subnet-0edca9b21f076091f",
            "assign_ipv6_address_on_creation": false,
            "availability_zone": "eu-west-2b",
            "availability_zone_id": "euw2-az3",
            "cidr_block": "10.0.2.0/24",
            "customer_owned_ipv4_pool": "",
            "enable_dns64": false,
            "enable_lni_at_device_index": 0,
            "enable_resource_name_dns_a_record_on_launch": false,
            "enable_resource_name_dns_aaaa_record_on_launch": false,
            "id": "subnet-0edca9b21f076091f",
            "ipv6_cidr_block": "",
            "ipv6_cidr_block_association_id": "",
            "ipv6_native": false,
            "map_customer_owned_ip_on_launch": false,
            "map_public_ip_on_launch": false,
            "outpost_arn": "",
            "owner_id": "463470963000",
            "private_dns_hostname_type_on_launch": "ip-name",
            "tags": {
              "Environment": "dev",
              "Name": "trading-analytics-dev-public-2",
              "Project": "trading-analytics"
            },
            "tags_all": {
              "Environment": "dev",
              "Name": "trading-analytics-dev-public-2",
              "Project": "trading-analytics"
            },
            "timeouts": null,
            "vpc_id": "vpc-070ab3fe976eda822"
          },
          "sensitive_attributes": [],
          "private": "eyJlMmJmYjczMC1lY2FhLTExZTYtOGY4OC0zNDM2M2JjN2M0YzAiOnsiY3JlYXRlIjo2MDAwMDAwMDAwMDAsImRlbGV0ZSI6MTIwMDAwMDAwMDAwMH0sInNjaGVtYV92ZXJzaW9uIjoiMSJ9",
          "dependencies": [
            "module.vpc.aws_vpc.main",
            "module.vpc.data.aws_availability_zones.available"
          ]
        }
      ]
    },
    {
      "module": "module.vpc",
      "mode": "managed",
      "type": "aws_vpc",
      "name": "main",
      "provider": "provider[\"registry.terraform.io/hashicorp/aws\"]",
      "instances": [
        {
          "schema_version": 1,
          "attributes": {
            "arn": "arn:aws:ec2:eu-west-2:463470963000:vpc/vpc-070ab3fe976eda822",
            "assign_generated_ipv6_cidr_block": false,
            "cidr_block": "10.0.0.0/16",
            "default_network_acl_id": "acl-0c97d9101bcb50fdd",
            "default_route_table_id": "rtb-04683e41980fc7da0",
            "default_security_group_id": "sg-01ba4f959b60725a5",
            "dhcp_options_id": "dopt-0ff17d7f379be5815",
            "enable_dns_hostnames": true,
            "enable_dns_support": true,
            "enable_network_address_usage_metrics": false,
            "id": "vpc-070ab3fe976eda822",
            "instance_tenancy": "default",
            "ipv4_ipam_pool_id": null,
            "ipv4_netmask_length": null,
            "ipv6_association_id": "",
            "ipv6_cidr_block": "",
            "ipv6_cidr_block_network_border_group": "",
            "ipv6_ipam_pool_id": "",
            "ipv6_netmask_length": 0,
            "main_route_table_id": "rtb-04683e41980fc7da0",
            "owner_id": "463470963000",
            "tags": {
              "Environment": "dev",
              "Name": "trading-analytics-dev-vpc",
              "Project": "trading-analytics"
            },
            "tags_all": {
              "Environment": "dev",
              "Name": "trading-analytics-dev-vpc",
              "Project": "trading-analytics"
            }
          },
          "sensitive_attributes": [],
          "private": "eyJzY2hlbWFfdmVyc2lvbiI6IjEifQ=="
        }
      ]
    },
    {
      "module": "module.vpc",
      "mode": "managed",
      "type": "aws_vpc_endpoint",
      "name": "ec2messages",
      "provider": "provider[\"registry.terraform.io/hashicorp/aws\"]",
      "instances": [
        {
          "schema_version": 0,
          "attributes": {
            "arn": "arn:aws:ec2:eu-west-2:463470963000:vpc-endpoint/vpce-0415cfff00618e7c7",
            "auto_accept": null,
            "cidr_blocks": [],
            "dns_entry": [
              {
                "dns_name": "vpce-0415cfff00618e7c7-hwsy0vef.ec2messages.eu-west-2.vpce.amazonaws.com",
                "hosted_zone_id": "Z7K1066E3PUKB"
              },
              {
                "dns_name": "vpce-0415cfff00618e7c7-hwsy0vef-eu-west-2a.ec2messages.eu-west-2.vpce.amazonaws.com",
                "hosted_zone_id": "Z7K1066E3PUKB"
              },
              {
                "dns_name": "vpce-0415cfff00618e7c7-hwsy0vef-eu-west-2b.ec2messages.eu-west-2.vpce.amazonaws.com",
                "hosted_zone_id": "Z7K1066E3PUKB"
              }
            ],
            "dns_options": [
              {
                "dns_record_ip_type": "ipv4",
                "private_dns_only_for_inbound_resolver_endpoint": false
              }
            ],
            "id": "vpce-0415cfff00618e7c7",
            "ip_address_type": "ipv4",
            "network_interface_ids": [
              "eni-019b201e615e1d90d",
              "eni-03ea8cefbcac7b405"
            ],
            "owner_id": "463470963000",
            "policy": "{\"Statement\":[{\"Action\":\"*\",\"Effect\":\"Allow\",\"Principal\":\"*\",\"Resource\":\"*\"}]}",
            "prefix_list_id": null,
            "private_dns_enabled": false,
            "requester_managed": false,
            "route_table_ids": [],
            "security_group_ids": [
              "sg-0482999c41d4ceee9"
            ],
            "service_name": "com.amazonaws.eu-west-2.ec2messages",
            "state": "available",
            "subnet_configuration": [
              {
                "ipv4": "10.0.3.197",
                "ipv6": "",
                "subnet_id": "subnet-08311013e9bfb5c14"
              },
              {
                "ipv4": "10.0.4.42",
                "ipv6": "",
                "subnet_id": "subnet-0c3c756cab5cccc91"
              }
            ],
            "subnet_ids": [
              "subnet-08311013e9bfb5c14",
              "subnet-0c3c756cab5cccc91"
            ],
            "tags": {},
            "tags_all": {},
            "timeouts": null,
            "vpc_endpoint_type": "Interface",
            "vpc_id": "vpc-070ab3fe976eda822"
          },
          "sensitive_attributes": [],
          "private": "eyJlMmJmYjczMC1lY2FhLTExZTYtOGY4OC0zNDM2M2JjN2M0YzAiOnsiY3JlYXRlIjo2MDAwMDAwMDAwMDAsImRlbGV0ZSI6NjAwMDAwMDAwMDAwLCJ1cGRhdGUiOjYwMDAwMDAwMDAwMH19",
          "dependencies": [
            "module.ec2.aws_security_group.elk",
            "module.vpc.aws_security_group.vpc_endpoints",
            "module.vpc.aws_subnet.private",
            "module.vpc.aws_vpc.main",
            "module.vpc.data.aws_availability_zones.available"
          ]
        }
      ]
    },
    {
      "module": "module.vpc",
      "mode": "managed",
      "type": "aws_vpc_endpoint",
      "name": "ssm",
      "provider": "provider[\"registry.terraform.io/hashicorp/aws\"]",
      "instances": [
        {
          "schema_version": 0,
          "attributes": {
            "arn": "arn:aws:ec2:eu-west-2:463470963000:vpc-endpoint/vpce-03cc592ad192deeca",
            "auto_accept": null,
            "cidr_blocks": [],
            "dns_entry": [
              {
                "dns_name": "vpce-03cc592ad192deeca-efk1qy7z.ssm.eu-west-2.vpce.amazonaws.com",
                "hosted_zone_id": "Z7K1066E3PUKB"
              },
              {
                "dns_name": "vpce-03cc592ad192deeca-efk1qy7z-eu-west-2b.ssm.eu-west-2.vpce.amazonaws.com",
                "hosted_zone_id": "Z7K1066E3PUKB"
              },
              {
                "dns_name": "vpce-03cc592ad192deeca-efk1qy7z-eu-west-2a.ssm.eu-west-2.vpce.amazonaws.com",
                "hosted_zone_id": "Z7K1066E3PUKB"
              }
            ],
            "dns_options": [
              {
                "dns_record_ip_type": "ipv4",
                "private_dns_only_for_inbound_resolver_endpoint": false
              }
            ],
            "id": "vpce-03cc592ad192deeca",
            "ip_address_type": "ipv4",
            "network_interface_ids": [
              "eni-03fb339bd495ecaf2",
              "eni-070d23ef9733cb1c8"
            ],
            "owner_id": "463470963000",
            "policy": "{\"Statement\":[{\"Action\":\"*\",\"Effect\":\"Allow\",\"Principal\":\"*\",\"Resource\":\"*\"}]}",
            "prefix_list_id": null,
            "private_dns_enabled": false,
            "requester_managed": false,
            "route_table_ids": [],
            "security_group_ids": [
              "sg-0482999c41d4ceee9"
            ],
            "service_name": "com.amazonaws.eu-west-2.ssm",
            "state": "available",
            "subnet_configuration": [
              {
                "ipv4": "10.0.3.27",
                "ipv6": "",
                "subnet_id": "subnet-08311013e9bfb5c14"
              },
              {
                "ipv4": "10.0.4.27",
                "ipv6": "",
                "subnet_id": "subnet-0c3c756cab5cccc91"
              }
            ],
            "subnet_ids": [
              "subnet-08311013e9bfb5c14",
              "subnet-0c3c756cab5cccc91"
            ],
            "tags": {},
            "tags_all": {},
            "timeouts": null,
            "vpc_endpoint_type": "Interface",
            "vpc_id": "vpc-070ab3fe976eda822"
          },
          "sensitive_attributes": [],
          "private": "eyJlMmJmYjczMC1lY2FhLTExZTYtOGY4OC0zNDM2M2JjN2M0YzAiOnsiY3JlYXRlIjo2MDAwMDAwMDAwMDAsImRlbGV0ZSI6NjAwMDAwMDAwMDAwLCJ1cGRhdGUiOjYwMDAwMDAwMDAwMH19",
          "dependencies": [
            "module.ec2.aws_security_group.elk",
            "module.vpc.aws_security_group.vpc_endpoints",
            "module.vpc.aws_subnet.private",
            "module.vpc.aws_vpc.main",
            "module.vpc.data.aws_availability_zones.available"
          ]
        }
      ]
    },
    {
      "module": "module.vpc",
      "mode": "managed",
      "type": "aws_vpc_endpoint",
      "name": "ssmmessages",
      "provider": "provider[\"registry.terraform.io/hashicorp/aws\"]",
      "instances": [
        {
          "schema_version": 0,
          "attributes": {
            "arn": "arn:aws:ec2:eu-west-2:463470963000:vpc-endpoint/vpce-010e6f77b57c58e88",
            "auto_accept": null,
            "cidr_blocks": [],
            "dns_entry": [
              {
                "dns_name": "vpce-010e6f77b57c58e88-u9f4lzr2.ssmmessages.eu-west-2.vpce.amazonaws.com",
                "hosted_zone_id": "Z7K1066E3PUKB"
              },
              {
                "dns_name": "vpce-010e6f77b57c58e88-u9f4lzr2-eu-west-2a.ssmmessages.eu-west-2.vpce.amazonaws.com",
                "hosted_zone_id": "Z7K1066E3PUKB"
              },
              {
                "dns_name": "vpce-010e6f77b57c58e88-u9f4lzr2-eu-west-2b.ssmmessages.eu-west-2.vpce.amazonaws.com",
                "hosted_zone_id": "Z7K1066E3PUKB"
              }
            ],
            "dns_options": [
              {
                "dns_record_ip_type": "ipv4",
                "private_dns_only_for_inbound_resolver_endpoint": false
              }
            ],
            "id": "vpce-010e6f77b57c58e88",
            "ip_address_type": "ipv4",
            "network_interface_ids": [
              "eni-0221eaf671203ec87",
              "eni-0f302bdba8d08d9b0"
            ],
            "owner_id": "463470963000",
            "policy": "{\"Statement\":[{\"Action\":\"*\",\"Effect\":\"Allow\",\"Principal\":\"*\",\"Resource\":\"*\"}]}",
            "prefix_list_id": null,
            "private_dns_enabled": false,
            "requester_managed": false,
            "route_table_ids": [],
            "security_group_ids": [
              "sg-0482999c41d4ceee9"
            ],
            "service_name": "com.amazonaws.eu-west-2.ssmmessages",
            "state": "available",
            "subnet_configuration": [
              {
                "ipv4": "10.0.3.14",
                "ipv6": "",
                "subnet_id": "subnet-08311013e9bfb5c14"
              },
              {
                "ipv4": "10.0.4.73",
                "ipv6": "",
                "subnet_id": "subnet-0c3c756cab5cccc91"
              }
            ],
            "subnet_ids": [
              "subnet-08311013e9bfb5c14",
              "subnet-0c3c756cab5cccc91"
            ],
            "tags": {},
            "tags_all": {},
            "timeouts": null,
            "vpc_endpoint_type": "Interface",
            "vpc_id": "vpc-070ab3fe976eda822"
          },
          "sensitive_attributes": [],
          "private": "eyJlMmJmYjczMC1lY2FhLTExZTYtOGY4OC0zNDM2M2JjN2M0YzAiOnsiY3JlYXRlIjo2MDAwMDAwMDAwMDAsImRlbGV0ZSI6NjAwMDAwMDAwMDAwLCJ1cGRhdGUiOjYwMDAwMDAwMDAwMH19",
          "dependencies": [
            "module.ec2.aws_security_group.elk",
            "module.vpc.aws_security_group.vpc_endpoints",
            "module.vpc.aws_subnet.private",
            "module.vpc.aws_vpc.main",
            "module.vpc.data.aws_availability_zones.available"
          ]
        }
      ]
    }
  ],
  "check_results": null
}
